<?xml version="1.0" encoding="utf-8"?>
<Project ToolsVersion="4.0" xmlns="http://schemas.microsoft.com/developer/msbuild/2003">
  <ItemGroup>
    <Filter Include="src">
      <UniqueIdentifier>{0ba961e2-d3ed-4e99-8750-81febe5efa39}</UniqueIdentifier>
    </Filter>
    <Filter Include="script">
      <UniqueIdentifier>{02cae23a-940f-4991-bc22-e807a7a9e336}</UniqueIdentifier>
    </Filter>
  </ItemGroup>
  <ItemGroup>
    <None Include="..\..\parser\scripts\parser.lua">
      <Filter>script</Filter>
    </None>
  </ItemGroup>
  <ItemGroup>
    <ClCompile Include="..\..\parser\src\ParserMain.cpp">
      <Filter>src</Filter>
    </ClCompile>
  </ItemGroup>
</Project>