<?xml version="1.0" encoding="utf-8"?>
<Project ToolsVersion="4.0" xmlns="http://schemas.microsoft.com/developer/msbuild/2003">
  <ItemGroup>
    <Filter Include="Core">
      <UniqueIdentifier>{8a4665da-072c-463d-83dd-8314a055d21a}</UniqueIdentifier>
    </Filter>
    <Filter Include="Core\include">
      <UniqueIdentifier>{fcdd6f2f-f1be-4aa3-bf71-165cbcf00895}</UniqueIdentifier>
    </Filter>
    <Filter Include="Core\src">
      <UniqueIdentifier>{2c6cf5fb-1f64-4e90-9606-142482f727d9}</UniqueIdentifier>
    </Filter>
  </ItemGroup>
  <ItemGroup>
    <ClInclude Include="..\..\renderer\include\K15_GpuProgram.h">
      <Filter>Core\include</Filter>
    </ClInclude>
    <ClInclude Include="..\..\renderer\include\K15_RendererBase.h">
      <Filter>Core\include</Filter>
    </ClInclude>
    <ClInclude Include="..\..\renderer\include\K15_RendererPrerequisites.h">
      <Filter>Core\include</Filter>
    </ClInclude>
    <ClInclude Include="..\..\renderer\include\K15_GpuBuffer.h">
      <Filter>Core\include</Filter>
    </ClInclude>
    <ClInclude Include="..\..\renderer\include\K15_RendererPrecompiledHeader.h">
      <Filter>Core\include</Filter>
    </ClInclude>
    <ClInclude Include="..\..\renderer\include\K15_ColorRGBA.h">
      <Filter>Core\include</Filter>
    </ClInclude>
    <ClInclude Include="..\..\renderer\include\K15_Texture.h">
      <Filter>Core\include</Filter>
    </ClInclude>
  </ItemGroup>
  <ItemGroup>
    <ClCompile Include="..\..\renderer\src\K15_RendererBase.cpp">
      <Filter>Core\src</Filter>
    </ClCompile>
    <ClCompile Include="..\..\renderer\src\K15_GpuBuffer.cpp">
      <Filter>Core\src</Filter>
    </ClCompile>
    <ClCompile Include="..\..\renderer\src\K15_RendererPrecompiledHeader.cpp">
      <Filter>Core\src</Filter>
    </ClCompile>
    <ClCompile Include="..\..\renderer\src\K15_Texture.cpp">
      <Filter>Core\src</Filter>
    </ClCompile>
  </ItemGroup>
  <ItemGroup>
    <None Include="..\..\renderer\src\K15_RendererBase.inl">
      <Filter>Core\include</Filter>
    </None>
    <None Include="..\..\renderer\include\K15_ColorRGBA.inl">
      <Filter>Core\include</Filter>
    </None>
    <None Include="..\..\renderer\include\K15_GpuBuffer.inl">
      <Filter>Core\include</Filter>
    </None>
    <None Include="..\..\renderer\include\K15_Texture.inl">
      <Filter>Core\include</Filter>
    </None>
  </ItemGroup>
</Project>