
Microsoft Visual Studio Solution File, Format Version 12.00
# Visual Studio 2012
Project("{8BC9CEB8-8B4A-11D0-8D11-00A0C91BC942}") = "UnitTest++.vsnet2005", "Dependencies\unittest-cpp\UnitTest++\UnitTest++.vsnet2005.vcxproj", "{64A4FEFE-0461-4E95-8CC1-91EF5F57DBC6}"
EndProject
Project("{8BC9CEB8-8B4A-11D0-8D11-00A0C91BC942}") = "TinyThread++", "Dependencies\TinyThread++-1.1\TinyThread++.vcxproj", "{F5502631-C3BC-433D-B1C8-D9DC5143DF64}"
EndProject
Project("{8BC9CEB8-8B4A-11D0-8D11-00A0C91BC942}") = "LuaPlus51", "Dependencies\LuaPlus\LuaPlus51.vcxproj", "{BE0A2AE9-A8ED-4897-8033-9A5B5A4BA150}"
EndProject
Global
	GlobalSection(SolutionConfigurationPlatforms) = preSolution
		Debug|Win32 = Debug|Win32
		Release|Win32 = Release|Win32
	EndGlobalSection
	GlobalSection(ProjectConfigurationPlatforms) = postSolution
		{64A4FEFE-0461-4E95-8CC1-91EF5F57DBC6}.Debug|Win32.ActiveCfg = Debug|Win32
		{64A4FEFE-0461-4E95-8CC1-91EF5F57DBC6}.Debug|Win32.Build.0 = Debug|Win32
		{64A4FEFE-0461-4E95-8CC1-91EF5F57DBC6}.Release|Win32.ActiveCfg = Release|Win32
		{64A4FEFE-0461-4E95-8CC1-91EF5F57DBC6}.Release|Win32.Build.0 = Release|Win32
		{F5502631-C3BC-433D-B1C8-D9DC5143DF64}.Debug|Win32.ActiveCfg = Debug|Win32
		{F5502631-C3BC-433D-B1C8-D9DC5143DF64}.Debug|Win32.Build.0 = Debug|Win32
		{F5502631-C3BC-433D-B1C8-D9DC5143DF64}.Release|Win32.ActiveCfg = Release|Win32
		{F5502631-C3BC-433D-B1C8-D9DC5143DF64}.Release|Win32.Build.0 = Release|Win32
		{BE0A2AE9-A8ED-4897-8033-9A5B5A4BA150}.Debug|Win32.ActiveCfg = Debug|Win32
		{BE0A2AE9-A8ED-4897-8033-9A5B5A4BA150}.Debug|Win32.Build.0 = Debug|Win32
		{BE0A2AE9-A8ED-4897-8033-9A5B5A4BA150}.Release|Win32.ActiveCfg = Release|Win32
		{BE0A2AE9-A8ED-4897-8033-9A5B5A4BA150}.Release|Win32.Build.0 = Release|Win32
	EndGlobalSection
	GlobalSection(SolutionProperties) = preSolution
		HideSolutionNode = FALSE
	EndGlobalSection
EndGlobal
