<?xml version="1.0" encoding="utf-8"?>
<Project ToolsVersion="4.0" xmlns="http://schemas.microsoft.com/developer/msbuild/2003">
  <ItemGroup>
    <Filter Include="include">
      <UniqueIdentifier>{f54b24ee-1409-423c-978f-364fa9b3fdda}</UniqueIdentifier>
    </Filter>
    <Filter Include="src">
      <UniqueIdentifier>{206520bc-2485-4a95-b51e-b5ee8499e7a2}</UniqueIdentifier>
    </Filter>
  </ItemGroup>
  <ItemGroup>
    <ClInclude Include="..\..\..\dependencies\libjpeg\include\cderror.h">
      <Filter>include</Filter>
    </ClInclude>
    <ClInclude Include="..\..\..\dependencies\libjpeg\include\cdjpeg.h">
      <Filter>include</Filter>
    </ClInclude>
    <ClInclude Include="..\..\..\dependencies\libjpeg\include\jchuff.h">
      <Filter>include</Filter>
    </ClInclude>
    <ClInclude Include="..\..\..\dependencies\libjpeg\include\jdct.h">
      <Filter>include</Filter>
    </ClInclude>
    <ClInclude Include="..\..\..\dependencies\libjpeg\include\jdhuff.h">
      <Filter>include</Filter>
    </ClInclude>
    <ClInclude Include="..\..\..\dependencies\libjpeg\include\jerror.h">
      <Filter>include</Filter>
    </ClInclude>
    <ClInclude Include="..\..\..\dependencies\libjpeg\include\jinclude.h">
      <Filter>include</Filter>
    </ClInclude>
    <ClInclude Include="..\..\..\dependencies\libjpeg\include\jmemsys.h">
      <Filter>include</Filter>
    </ClInclude>
    <ClInclude Include="..\..\..\dependencies\libjpeg\include\jmorecfg.h">
      <Filter>include</Filter>
    </ClInclude>
    <ClInclude Include="..\..\..\dependencies\libjpeg\include\jpegint.h">
      <Filter>include</Filter>
    </ClInclude>
    <ClInclude Include="..\..\..\dependencies\libjpeg\include\jpeglib.h">
      <Filter>include</Filter>
    </ClInclude>
    <ClInclude Include="..\..\..\dependencies\libjpeg\include\jversion.h">
      <Filter>include</Filter>
    </ClInclude>
    <ClInclude Include="..\..\..\dependencies\libjpeg\include\transupp.h">
      <Filter>include</Filter>
    </ClInclude>
  </ItemGroup>
  <ItemGroup>
    <ClCompile Include="..\..\..\dependencies\libjpeg\src\cdjpeg.c">
      <Filter>src</Filter>
    </ClCompile>
    <ClCompile Include="..\..\..\dependencies\libjpeg\src\cjpeg.c">
      <Filter>src</Filter>
    </ClCompile>
    <ClCompile Include="..\..\..\dependencies\libjpeg\src\ckconfig.c">
      <Filter>src</Filter>
    </ClCompile>
    <ClCompile Include="..\..\..\dependencies\libjpeg\src\djpeg.c">
      <Filter>src</Filter>
    </ClCompile>
    <ClCompile Include="..\..\..\dependencies\libjpeg\src\jcapimin.c">
      <Filter>src</Filter>
    </ClCompile>
    <ClCompile Include="..\..\..\dependencies\libjpeg\src\jcapistd.c">
      <Filter>src</Filter>
    </ClCompile>
    <ClCompile Include="..\..\..\dependencies\libjpeg\src\jccoefct.c">
      <Filter>src</Filter>
    </ClCompile>
    <ClCompile Include="..\..\..\dependencies\libjpeg\src\jccolor.c">
      <Filter>src</Filter>
    </ClCompile>
    <ClCompile Include="..\..\..\dependencies\libjpeg\src\jcdctmgr.c">
      <Filter>src</Filter>
    </ClCompile>
    <ClCompile Include="..\..\..\dependencies\libjpeg\src\jchuff.c">
      <Filter>src</Filter>
    </ClCompile>
    <ClCompile Include="..\..\..\dependencies\libjpeg\src\jcinit.c">
      <Filter>src</Filter>
    </ClCompile>
    <ClCompile Include="..\..\..\dependencies\libjpeg\src\jcmainct.c">
      <Filter>src</Filter>
    </ClCompile>
    <ClCompile Include="..\..\..\dependencies\libjpeg\src\jcmarker.c">
      <Filter>src</Filter>
    </ClCompile>
    <ClCompile Include="..\..\..\dependencies\libjpeg\src\jcmaster.c">
      <Filter>src</Filter>
    </ClCompile>
    <ClCompile Include="..\..\..\dependencies\libjpeg\src\jcomapi.c">
      <Filter>src</Filter>
    </ClCompile>
    <ClCompile Include="..\..\..\dependencies\libjpeg\src\jcparam.c">
      <Filter>src</Filter>
    </ClCompile>
    <ClCompile Include="..\..\..\dependencies\libjpeg\src\jcphuff.c">
      <Filter>src</Filter>
    </ClCompile>
    <ClCompile Include="..\..\..\dependencies\libjpeg\src\jcprepct.c">
      <Filter>src</Filter>
    </ClCompile>
    <ClCompile Include="..\..\..\dependencies\libjpeg\src\jcsample.c">
      <Filter>src</Filter>
    </ClCompile>
    <ClCompile Include="..\..\..\dependencies\libjpeg\src\jctrans.c">
      <Filter>src</Filter>
    </ClCompile>
    <ClCompile Include="..\..\..\dependencies\libjpeg\src\jdapimin.c">
      <Filter>src</Filter>
    </ClCompile>
    <ClCompile Include="..\..\..\dependencies\libjpeg\src\jdapistd.c">
      <Filter>src</Filter>
    </ClCompile>
    <ClCompile Include="..\..\..\dependencies\libjpeg\src\jdatadst.c">
      <Filter>src</Filter>
    </ClCompile>
    <ClCompile Include="..\..\..\dependencies\libjpeg\src\jdatasrc.c">
      <Filter>src</Filter>
    </ClCompile>
    <ClCompile Include="..\..\..\dependencies\libjpeg\src\jdcoefct.c">
      <Filter>src</Filter>
    </ClCompile>
    <ClCompile Include="..\..\..\dependencies\libjpeg\src\jdcolor.c">
      <Filter>src</Filter>
    </ClCompile>
    <ClCompile Include="..\..\..\dependencies\libjpeg\src\jddctmgr.c">
      <Filter>src</Filter>
    </ClCompile>
    <ClCompile Include="..\..\..\dependencies\libjpeg\src\jdhuff.c">
      <Filter>src</Filter>
    </ClCompile>
    <ClCompile Include="..\..\..\dependencies\libjpeg\src\jdinput.c">
      <Filter>src</Filter>
    </ClCompile>
    <ClCompile Include="..\..\..\dependencies\libjpeg\src\jdmainct.c">
      <Filter>src</Filter>
    </ClCompile>
    <ClCompile Include="..\..\..\dependencies\libjpeg\src\jdmarker.c">
      <Filter>src</Filter>
    </ClCompile>
    <ClCompile Include="..\..\..\dependencies\libjpeg\src\jdmaster.c">
      <Filter>src</Filter>
    </ClCompile>
    <ClCompile Include="..\..\..\dependencies\libjpeg\src\jdmerge.c">
      <Filter>src</Filter>
    </ClCompile>
    <ClCompile Include="..\..\..\dependencies\libjpeg\src\jdphuff.c">
      <Filter>src</Filter>
    </ClCompile>
    <ClCompile Include="..\..\..\dependencies\libjpeg\src\jdpostct.c">
      <Filter>src</Filter>
    </ClCompile>
    <ClCompile Include="..\..\..\dependencies\libjpeg\src\jdsample.c">
      <Filter>src</Filter>
    </ClCompile>
    <ClCompile Include="..\..\..\dependencies\libjpeg\src\jdtrans.c">
      <Filter>src</Filter>
    </ClCompile>
    <ClCompile Include="..\..\..\dependencies\libjpeg\src\jerror.c">
      <Filter>src</Filter>
    </ClCompile>
    <ClCompile Include="..\..\..\dependencies\libjpeg\src\jfdctflt.c">
      <Filter>src</Filter>
    </ClCompile>
    <ClCompile Include="..\..\..\dependencies\libjpeg\src\jfdctfst.c">
      <Filter>src</Filter>
    </ClCompile>
    <ClCompile Include="..\..\..\dependencies\libjpeg\src\jfdctint.c">
      <Filter>src</Filter>
    </ClCompile>
    <ClCompile Include="..\..\..\dependencies\libjpeg\src\jidctflt.c">
      <Filter>src</Filter>
    </ClCompile>
    <ClCompile Include="..\..\..\dependencies\libjpeg\src\jidctfst.c">
      <Filter>src</Filter>
    </ClCompile>
    <ClCompile Include="..\..\..\dependencies\libjpeg\src\jidctint.c">
      <Filter>src</Filter>
    </ClCompile>
    <ClCompile Include="..\..\..\dependencies\libjpeg\src\jidctred.c">
      <Filter>src</Filter>
    </ClCompile>
    <ClCompile Include="..\..\..\dependencies\libjpeg\src\jmemansi.c">
      <Filter>src</Filter>
    </ClCompile>
    <ClCompile Include="..\..\..\dependencies\libjpeg\src\jmemmgr.c">
      <Filter>src</Filter>
    </ClCompile>
    <ClCompile Include="..\..\..\dependencies\libjpeg\src\jmemname.c">
      <Filter>src</Filter>
    </ClCompile>
    <ClCompile Include="..\..\..\dependencies\libjpeg\src\jmemnobs.c">
      <Filter>src</Filter>
    </ClCompile>
    <ClCompile Include="..\..\..\dependencies\libjpeg\src\jpegtran.c">
      <Filter>src</Filter>
    </ClCompile>
    <ClCompile Include="..\..\..\dependencies\libjpeg\src\jquant1.c">
      <Filter>src</Filter>
    </ClCompile>
    <ClCompile Include="..\..\..\dependencies\libjpeg\src\jquant2.c">
      <Filter>src</Filter>
    </ClCompile>
    <ClCompile Include="..\..\..\dependencies\libjpeg\src\jutils.c">
      <Filter>src</Filter>
    </ClCompile>
    <ClCompile Include="..\..\..\dependencies\libjpeg\src\rdbmp.c">
      <Filter>src</Filter>
    </ClCompile>
    <ClCompile Include="..\..\..\dependencies\libjpeg\src\rdcolmap.c">
      <Filter>src</Filter>
    </ClCompile>
    <ClCompile Include="..\..\..\dependencies\libjpeg\src\rdgif.c">
      <Filter>src</Filter>
    </ClCompile>
    <ClCompile Include="..\..\..\dependencies\libjpeg\src\rdjpgcom.c">
      <Filter>src</Filter>
    </ClCompile>
    <ClCompile Include="..\..\..\dependencies\libjpeg\src\rdppm.c">
      <Filter>src</Filter>
    </ClCompile>
    <ClCompile Include="..\..\..\dependencies\libjpeg\src\rdrle.c">
      <Filter>src</Filter>
    </ClCompile>
    <ClCompile Include="..\..\..\dependencies\libjpeg\src\rdswitch.c">
      <Filter>src</Filter>
    </ClCompile>
    <ClCompile Include="..\..\..\dependencies\libjpeg\src\rdtarga.c">
      <Filter>src</Filter>
    </ClCompile>
    <ClCompile Include="..\..\..\dependencies\libjpeg\src\transupp.c">
      <Filter>src</Filter>
    </ClCompile>
    <ClCompile Include="..\..\..\dependencies\libjpeg\src\wrbmp.c">
      <Filter>src</Filter>
    </ClCompile>
    <ClCompile Include="..\..\..\dependencies\libjpeg\src\wrgif.c">
      <Filter>src</Filter>
    </ClCompile>
    <ClCompile Include="..\..\..\dependencies\libjpeg\src\wrjpgcom.c">
      <Filter>src</Filter>
    </ClCompile>
    <ClCompile Include="..\..\..\dependencies\libjpeg\src\wrppm.c">
      <Filter>src</Filter>
    </ClCompile>
    <ClCompile Include="..\..\..\dependencies\libjpeg\src\wrrle.c">
      <Filter>src</Filter>
    </ClCompile>
    <ClCompile Include="..\..\..\dependencies\libjpeg\src\wrtarga.c">
      <Filter>src</Filter>
    </ClCompile>
  </ItemGroup>
</Project>