<?xml version="1.0" encoding="utf-8"?>
<Project ToolsVersion="4.0" xmlns="http://schemas.microsoft.com/developer/msbuild/2003">
  <ItemGroup>
    <ClInclude Include="..\..\math\include\K15_Quaternion.h">
      <Filter>Core\include</Filter>
    </ClInclude>
    <ClInclude Include="..\..\math\include\K15_Matrix3.h">
      <Filter>Core\include</Filter>
    </ClInclude>
    <ClInclude Include="..\..\math\include\K15_Matrix4.h">
      <Filter>Core\include</Filter>
    </ClInclude>
    <ClInclude Include="..\..\math\include\K15_MathPrerequisites.h">
      <Filter>Core\include</Filter>
    </ClInclude>
    <ClInclude Include="..\..\math\include\K15_Vector2.h">
      <Filter>Core\include</Filter>
    </ClInclude>
    <ClInclude Include="..\..\math\include\K15_Vector3.h">
      <Filter>Core\include</Filter>
    </ClInclude>
    <ClInclude Include="..\..\math\include\K15_Vector4.h">
      <Filter>Core\include</Filter>
    </ClInclude>
    <ClInclude Include="..\..\math\include\K15_MathUtil.h">
      <Filter>Core\include</Filter>
    </ClInclude>
  </ItemGroup>
  <ItemGroup>
    <ClCompile Include="..\..\math\src\K15_Matrix3.cpp">
      <Filter>Core\src</Filter>
    </ClCompile>
    <ClCompile Include="..\..\math\src\K15_Vector2.cpp">
      <Filter>Core\src</Filter>
    </ClCompile>
    <ClCompile Include="..\..\math\src\K15_Vector3.cpp">
      <Filter>Core\src</Filter>
    </ClCompile>
    <ClCompile Include="..\..\math\src\K15_Vector3.cpp">
      <Filter>Core\src</Filter>
    </ClCompile>
    <ClCompile Include="..\..\math\src\K15_Vector2.cpp">
      <Filter>Core\src</Filter>
    </ClCompile>
    <ClCompile Include="..\..\math\src\K15_Matrix4.cpp">
      <Filter>Core\src</Filter>
    </ClCompile>
    <ClCompile Include="..\..\math\src\K15_Quaternion.cpp">
      <Filter>Core\src</Filter>
    </ClCompile>
    <ClCompile Include="..\..\math\src\K15_Vector4.cpp">
      <Filter>Core\src</Filter>
    </ClCompile>
    <ClCompile Include="..\..\math\src\K15_MathUtil.cpp">
      <Filter>Core\src</Filter>
    </ClCompile>
  </ItemGroup>
  <ItemGroup>
    <Filter Include="Core">
      <UniqueIdentifier>{8a04da19-db9b-440f-b106-7539109efe5b}</UniqueIdentifier>
    </Filter>
    <Filter Include="Core\include">
      <UniqueIdentifier>{2eb98931-2ac6-4fb7-a548-ab1865d87bc8}</UniqueIdentifier>
    </Filter>
    <Filter Include="Core\src">
      <UniqueIdentifier>{0539a286-dad0-4287-a387-a6e4d6256d62}</UniqueIdentifier>
    </Filter>
  </ItemGroup>
  <ItemGroup>
    <None Include="..\..\math\include\K15_MathUtil.inl">
      <Filter>Core\include</Filter>
    </None>
  </ItemGroup>
</Project>