<?xml version="1.0" encoding="utf-8"?>
<Project ToolsVersion="4.0" xmlns="http://schemas.microsoft.com/developer/msbuild/2003">
  <ItemGroup>
    <Filter Include="include">
      <UniqueIdentifier>{9f5133a7-df4f-4574-82da-34981a3157bd}</UniqueIdentifier>
    </Filter>
    <Filter Include="src">
      <UniqueIdentifier>{b05450d4-ee57-44da-b0c9-3d15f5978ab5}</UniqueIdentifier>
    </Filter>
  </ItemGroup>
  <ItemGroup>
    <ClInclude Include="..\..\..\dependencies\Detour\include\DetourAlloc.h">
      <Filter>include</Filter>
    </ClInclude>
    <ClInclude Include="..\..\..\dependencies\Detour\include\DetourAssert.h">
      <Filter>include</Filter>
    </ClInclude>
    <ClInclude Include="..\..\..\dependencies\Detour\include\DetourCommon.h">
      <Filter>include</Filter>
    </ClInclude>
    <ClInclude Include="..\..\..\dependencies\Detour\include\DetourMath.h">
      <Filter>include</Filter>
    </ClInclude>
    <ClInclude Include="..\..\..\dependencies\Detour\include\DetourNavMesh.h">
      <Filter>include</Filter>
    </ClInclude>
    <ClInclude Include="..\..\..\dependencies\Detour\include\DetourNavMeshBuilder.h">
      <Filter>include</Filter>
    </ClInclude>
    <ClInclude Include="..\..\..\dependencies\Detour\include\DetourNavMeshQuery.h">
      <Filter>include</Filter>
    </ClInclude>
    <ClInclude Include="..\..\..\dependencies\Detour\include\DetourNode.h">
      <Filter>include</Filter>
    </ClInclude>
    <ClInclude Include="..\..\..\dependencies\Detour\include\DetourStatus.h">
      <Filter>include</Filter>
    </ClInclude>
  </ItemGroup>
  <ItemGroup>
    <ClCompile Include="..\..\..\dependencies\Detour\src\DetourAlloc.cpp">
      <Filter>src</Filter>
    </ClCompile>
    <ClCompile Include="..\..\..\dependencies\Detour\src\DetourCommon.cpp">
      <Filter>src</Filter>
    </ClCompile>
    <ClCompile Include="..\..\..\dependencies\Detour\src\DetourNavMesh.cpp">
      <Filter>src</Filter>
    </ClCompile>
    <ClCompile Include="..\..\..\dependencies\Detour\src\DetourNavMeshBuilder.cpp">
      <Filter>src</Filter>
    </ClCompile>
    <ClCompile Include="..\..\..\dependencies\Detour\src\DetourNavMeshQuery.cpp">
      <Filter>src</Filter>
    </ClCompile>
    <ClCompile Include="..\..\..\dependencies\Detour\src\DetourNode.cpp">
      <Filter>src</Filter>
    </ClCompile>
  </ItemGroup>
</Project>