<?xml version="1.0" encoding="utf-8"?>
<Project ToolsVersion="4.0" xmlns="http://schemas.microsoft.com/developer/msbuild/2003">
  <ItemGroup>
    <Filter Include="Source Files">
      <UniqueIdentifier>{4FC737F1-C7A5-4376-A066-2A32D752A2FF}</UniqueIdentifier>
      <Extensions>cpp;c;cc;cxx;def;odl;idl;hpj;bat;asm;asmx</Extensions>
    </Filter>
    <Filter Include="Header Files">
      <UniqueIdentifier>{93995380-89BD-4b04-88EB-625FBE52EBFB}</UniqueIdentifier>
      <Extensions>h;hpp;hxx;hm;inl;inc;xsd</Extensions>
    </Filter>
  </ItemGroup>
  <ItemGroup>
    <ClInclude Include="..\..\..\dependencies\LuaPlus\include\LuaAutoBlock.h">
      <Filter>Header Files</Filter>
    </ClInclude>
    <ClInclude Include="..\..\..\dependencies\LuaPlus\include\LuaCall.h">
      <Filter>Header Files</Filter>
    </ClInclude>
    <ClInclude Include="..\..\..\dependencies\LuaPlus\include\LuaFunction.h">
      <Filter>Header Files</Filter>
    </ClInclude>
    <ClInclude Include="..\..\..\dependencies\LuaPlus\include\LuaHelper.h">
      <Filter>Header Files</Filter>
    </ClInclude>
    <ClInclude Include="..\..\..\dependencies\LuaPlus\include\LuaHelper_Object.h">
      <Filter>Header Files</Filter>
    </ClInclude>
    <ClInclude Include="..\..\..\dependencies\LuaPlus\include\LuaHelper_StackObject.h">
      <Filter>Header Files</Filter>
    </ClInclude>
    <ClInclude Include="..\..\..\dependencies\LuaPlus\include\LuaLink.h">
      <Filter>Header Files</Filter>
    </ClInclude>
    <ClInclude Include="..\..\..\dependencies\LuaPlus\include\LuaObject.h">
      <Filter>Header Files</Filter>
    </ClInclude>
    <ClInclude Include="..\..\..\dependencies\LuaPlus\include\LuaPlus.h">
      <Filter>Header Files</Filter>
    </ClInclude>
    <ClInclude Include="..\..\..\dependencies\LuaPlus\include\LuaPlusCD.h">
      <Filter>Header Files</Filter>
    </ClInclude>
    <ClInclude Include="..\..\..\dependencies\LuaPlus\include\LuaPlusInternal.h">
      <Filter>Header Files</Filter>
    </ClInclude>
    <ClInclude Include="..\..\..\dependencies\LuaPlus\include\LuaStackObject.h">
      <Filter>Header Files</Filter>
    </ClInclude>
    <ClInclude Include="..\..\..\dependencies\LuaPlus\include\LuaStackTableIterator.h">
      <Filter>Header Files</Filter>
    </ClInclude>
    <ClInclude Include="..\..\..\dependencies\LuaPlus\include\LuaState.h">
      <Filter>Header Files</Filter>
    </ClInclude>
    <ClInclude Include="..\..\..\dependencies\LuaPlus\include\LuaStateCD.h">
      <Filter>Header Files</Filter>
    </ClInclude>
    <ClInclude Include="..\..\..\dependencies\LuaPlus\include\LuaStateOutFile.h">
      <Filter>Header Files</Filter>
    </ClInclude>
    <ClInclude Include="..\..\..\dependencies\LuaPlus\include\LuaTableIterator.h">
      <Filter>Header Files</Filter>
    </ClInclude>
  </ItemGroup>
  <ItemGroup>
    <None Include="..\..\..\dependencies\LuaPlus\include\LuaCall.inl">
      <Filter>Header Files</Filter>
    </None>
    <None Include="..\..\..\dependencies\LuaPlus\include\LuaObject.inl">
      <Filter>Header Files</Filter>
    </None>
    <None Include="..\..\..\dependencies\LuaPlus\include\LuaStackObject.inl">
      <Filter>Header Files</Filter>
    </None>
    <None Include="..\..\..\dependencies\LuaPlus\include\LuaStackTableIterator.inl">
      <Filter>Header Files</Filter>
    </None>
    <None Include="..\..\..\dependencies\LuaPlus\include\LuaState.inl">
      <Filter>Header Files</Filter>
    </None>
  </ItemGroup>
  <ItemGroup>
    <ClCompile Include="..\..\..\dependencies\LuaPlus\src\LuaObject.cpp">
      <Filter>Source Files</Filter>
    </ClCompile>
    <ClCompile Include="..\..\..\dependencies\LuaPlus\src\LuaPlus.cpp">
      <Filter>Source Files</Filter>
    </ClCompile>
    <ClCompile Include="..\..\..\dependencies\LuaPlus\src\LuaPlus_Libs.cpp">
      <Filter>Source Files</Filter>
    </ClCompile>
    <ClCompile Include="..\..\..\dependencies\LuaPlus\src\LuaPlusAddons.c">
      <Filter>Source Files</Filter>
    </ClCompile>
    <ClCompile Include="..\..\..\dependencies\LuaPlus\src\LuaPlusFunctions.cpp">
      <Filter>Source Files</Filter>
    </ClCompile>
    <ClCompile Include="..\..\..\dependencies\LuaPlus\src\LuaState.cpp">
      <Filter>Source Files</Filter>
    </ClCompile>
    <ClCompile Include="..\..\..\dependencies\LuaPlus\src\LuaState_DumpObject.cpp">
      <Filter>Source Files</Filter>
    </ClCompile>
    <ClCompile Include="..\..\..\dependencies\LuaPlus\src\LuaStateOutFile.cpp">
      <Filter>Source Files</Filter>
    </ClCompile>
    <ClCompile Include="..\..\..\dependencies\LuaPlus\src\LuaTableIterator.cpp">
      <Filter>Source Files</Filter>
    </ClCompile>
    <ClCompile Include="..\..\..\dependencies\LuaPlus\src\lwstrlib.c">
      <Filter>Source Files</Filter>
    </ClCompile>
    <ClCompile Include="..\..\..\dependencies\LuaPlus\src\popen.c">
      <Filter>Source Files</Filter>
    </ClCompile>
  </ItemGroup>
</Project>