<?xml version="1.0" encoding="utf-8"?>
<Project ToolsVersion="4.0" xmlns="http://schemas.microsoft.com/developer/msbuild/2003">
  <ItemGroup>
    <Filter Include="Core">
      <UniqueIdentifier>{240bfccd-2ded-4599-9be7-38eb8a9db4b0}</UniqueIdentifier>
    </Filter>
    <Filter Include="Core\include">
      <UniqueIdentifier>{cd61d28b-7c1c-43f4-8384-c56cda9692f6}</UniqueIdentifier>
    </Filter>
    <Filter Include="Core\src">
      <UniqueIdentifier>{9ca95f4c-bacf-4008-9ab8-d8c4593a0710}</UniqueIdentifier>
    </Filter>
    <Filter Include="Plugin">
      <UniqueIdentifier>{6155d319-b073-4de5-b12a-3f6fd00649de}</UniqueIdentifier>
    </Filter>
    <Filter Include="Plugin\include">
      <UniqueIdentifier>{98d8fd25-4116-4ce1-b0f5-376cb0f6e7e6}</UniqueIdentifier>
    </Filter>
    <Filter Include="Plugin\src">
      <UniqueIdentifier>{55080cfa-d414-4c7a-911e-780b9524a6b5}</UniqueIdentifier>
    </Filter>
    <Filter Include="Shader">
      <UniqueIdentifier>{0c615bea-aa3d-486b-9f5e-d726d28250d8}</UniqueIdentifier>
    </Filter>
    <Filter Include="Shader\Vertex">
      <UniqueIdentifier>{26646e46-f536-4407-af7b-ca4bfb594361}</UniqueIdentifier>
    </Filter>
    <Filter Include="Shader\Fragment">
      <UniqueIdentifier>{9d828414-7072-48a9-bb71-d1bae82cfc04}</UniqueIdentifier>
    </Filter>
  </ItemGroup>
  <ItemGroup>
    <ClInclude Include="..\..\rendererOGL\include\K15_GpuBufferImplOGL.h">
      <Filter>Core\include</Filter>
    </ClInclude>
    <ClInclude Include="..\..\rendererOGL\include\K15_RendererOGL.h">
      <Filter>Core\include</Filter>
    </ClInclude>
    <ClInclude Include="..\..\rendererOGL\include\K15_RendererOGLPrerequisites.h">
      <Filter>Core\include</Filter>
    </ClInclude>
    <ClInclude Include="..\..\rendererOGL\include\K15_TextureImplOGL.h">
      <Filter>Core\include</Filter>
    </ClInclude>
    <ClInclude Include="..\..\rendererOGL\include\plugin.h">
      <Filter>Plugin\include</Filter>
    </ClInclude>
    <ClInclude Include="..\..\rendererOGL\include\K15_TextureSamplerImplOGL.h">
      <Filter>Core\include</Filter>
    </ClInclude>
    <ClInclude Include="..\..\rendererOGL\include\K15_GpuProgramImplOGL.h">
      <Filter>Core\include</Filter>
    </ClInclude>
    <ClInclude Include="..\..\rendererOGL\include\K15_VertexDeclarationImplOGL.h">
      <Filter>Core\include</Filter>
    </ClInclude>
  </ItemGroup>
  <ItemGroup>
    <ClCompile Include="..\..\rendererOGL\src\K15_TextureImplOGL.cpp">
      <Filter>Core\src</Filter>
    </ClCompile>
    <ClCompile Include="..\..\rendererOGL\src\K15_GpuBufferImplOGL.cpp">
      <Filter>Core\src</Filter>
    </ClCompile>
    <ClCompile Include="..\..\rendererOGL\src\K15_RendererOGL.cpp">
      <Filter>Core\src</Filter>
    </ClCompile>
    <ClCompile Include="..\..\rendererOGL\src\plugin.cpp">
      <Filter>Plugin\src</Filter>
    </ClCompile>
    <ClCompile Include="..\..\rendererOGL\src\K15_TextureSamplerImplOGL.cpp">
      <Filter>Core\src</Filter>
    </ClCompile>
    <ClCompile Include="..\..\rendererOGL\src\K15_GpuProgramImplOGL.cpp">
      <Filter>Core\src</Filter>
    </ClCompile>
    <ClCompile Include="..\..\rendererOGL\src\K15_VertexDeclarationImplOGL.cpp">
      <Filter>Core\src</Filter>
    </ClCompile>
  </ItemGroup>
  <ItemGroup>
    <None Include="module.def" />
    <None Include="..\..\rendererOGL\shader\default.frag">
      <Filter>Shader\Fragment</Filter>
    </None>
    <None Include="..\..\rendererOGL\shader\default.vert">
      <Filter>Shader\Vertex</Filter>
    </None>
    <None Include="..\..\rendererOGL\include\K15_TextureSamplerImplOGL.inl">
      <Filter>Core\include</Filter>
    </None>
    <None Include="..\..\rendererOGL\include\K15_TextureImplOGL.inl">
      <Filter>Core\include</Filter>
    </None>
  </ItemGroup>
</Project>