
Microsoft Visual Studio Solution File, Format Version 12.00
# Visual Studio 2012
Project("{8BC9CEB8-8B4A-11D0-8D11-00A0C91BC942}") = "LuaPlus", "Dependencies\LuaPlus\LuaPlus.vcxproj", "{3706C4E6-E5F4-4DBD-AD0A-0F521960551C}"
EndProject
Project("{8BC9CEB8-8B4A-11D0-8D11-00A0C91BC942}") = "GLEW", "Dependencies\GLEW\GLEW.vcxproj", "{07360CCD-840A-4C93-A6A2-E43347CC313E}"
EndProject
Project("{8BC9CEB8-8B4A-11D0-8D11-00A0C91BC942}") = "TinyThread", "Dependencies\TinyThread\TinyThread.vcxproj", "{6E91B28B-BC8F-4B83-AC1C-7AFB39BB1E15}"
EndProject
Project("{8BC9CEB8-8B4A-11D0-8D11-00A0C91BC942}") = "Enet", "Dependencies\Enet\Enet.vcxproj", "{32189EE7-5F26-42F6-8A64-E5AF6DC8B282}"
EndProject
Project("{8BC9CEB8-8B4A-11D0-8D11-00A0C91BC942}") = "freetype", "Dependencies\freetype\freetype.vcxproj", "{853AC481-3F24-4FF4-AF0A-728B019B670E}"
EndProject
Project("{8BC9CEB8-8B4A-11D0-8D11-00A0C91BC942}") = "Detour", "Dependencies\Detour\Detour.vcxproj", "{6BA03C58-C796-4B3E-B4B4-F5E48A3265C7}"
EndProject
Project("{8BC9CEB8-8B4A-11D0-8D11-00A0C91BC942}") = "JsonCPP", "Dependencies\JsonCPP\JsonCPP.vcxproj", "{F9B0EC03-C8A7-4EF9-B5FA-CCD143A520B1}"
EndProject
Project("{2150E333-8FDC-42A3-9474-1A3956D46DE8}") = "Android", "Android", "{9687553D-7DA5-4373-9D9B-AD1476C6E543}"
EndProject
Project("{8BC9CEB8-8B4A-11D0-8D11-00A0C91BC942}") = "native_app_glue", "Dependencies\Android\native_app_glue\native_app_glue.vcxproj", "{0030E394-9C31-4C34-89A7-6D53D3E13757}"
EndProject
Project("{8BC9CEB8-8B4A-11D0-8D11-00A0C91BC942}") = "libpng", "Dependencies\libpng\libpng.vcxproj", "{6A5C60CC-8471-4EE2-A9D7-9286EAD4474A}"
EndProject
Project("{8BC9CEB8-8B4A-11D0-8D11-00A0C91BC942}") = "zlib", "Dependencies\zlib\zlib.vcxproj", "{0C461216-4F94-4310-9E56-7646428965C1}"
EndProject
Project("{8BC9CEB8-8B4A-11D0-8D11-00A0C91BC942}") = "libtiff", "Dependencies\libtiff\libtiff.vcxproj", "{BFDFD369-216D-48E0-AC7A-C5F0C075B64B}"
EndProject
Project("{8BC9CEB8-8B4A-11D0-8D11-00A0C91BC942}") = "libbmp", "Dependencies\libbmp\libbmp.vcxproj", "{F42377E4-FCC3-4809-8E33-034F07C4C536}"
EndProject
Project("{8BC9CEB8-8B4A-11D0-8D11-00A0C91BC942}") = "libjpeg", "Dependencies\libjpeg\libjpeg.vcxproj", "{A2267743-E2AB-41A8-9A4A-09E969AA6ABB}"
EndProject
Project("{8BC9CEB8-8B4A-11D0-8D11-00A0C91BC942}") = "minizip", "Dependencies\minizip\minizip.vcxproj", "{CEEB44B7-B4B8-4844-9A6C-24C08186BA04}"
EndProject
Project("{8BC9CEB8-8B4A-11D0-8D11-00A0C91BC942}") = "tinyobjloader", "Dependencies\tinyobjloader\tinyobjloader.vcxproj", "{9F039019-F3B0-4C36-97DC-CE74FCD8889A}"
EndProject
Global
	GlobalSection(SolutionConfigurationPlatforms) = preSolution
		Debug|Android = Debug|Android
		Debug|Win32 = Debug|Win32
		Release|Android = Release|Android
		Release|Win32 = Release|Win32
	EndGlobalSection
	GlobalSection(ProjectConfigurationPlatforms) = postSolution
		{3706C4E6-E5F4-4DBD-AD0A-0F521960551C}.Debug|Android.ActiveCfg = Debug|Android
		{3706C4E6-E5F4-4DBD-AD0A-0F521960551C}.Debug|Android.Build.0 = Debug|Android
		{3706C4E6-E5F4-4DBD-AD0A-0F521960551C}.Debug|Win32.ActiveCfg = Debug|Win32
		{3706C4E6-E5F4-4DBD-AD0A-0F521960551C}.Debug|Win32.Build.0 = Debug|Win32
		{3706C4E6-E5F4-4DBD-AD0A-0F521960551C}.Release|Android.ActiveCfg = Release|Win32
		{3706C4E6-E5F4-4DBD-AD0A-0F521960551C}.Release|Win32.ActiveCfg = Release|Win32
		{3706C4E6-E5F4-4DBD-AD0A-0F521960551C}.Release|Win32.Build.0 = Release|Win32
		{07360CCD-840A-4C93-A6A2-E43347CC313E}.Debug|Android.ActiveCfg = Debug|Win32
		{07360CCD-840A-4C93-A6A2-E43347CC313E}.Debug|Win32.ActiveCfg = Debug|Win32
		{07360CCD-840A-4C93-A6A2-E43347CC313E}.Debug|Win32.Build.0 = Debug|Win32
		{07360CCD-840A-4C93-A6A2-E43347CC313E}.Release|Android.ActiveCfg = Release|Win32
		{07360CCD-840A-4C93-A6A2-E43347CC313E}.Release|Win32.ActiveCfg = Release|Win32
		{07360CCD-840A-4C93-A6A2-E43347CC313E}.Release|Win32.Build.0 = Release|Win32
		{6E91B28B-BC8F-4B83-AC1C-7AFB39BB1E15}.Debug|Android.ActiveCfg = Debug|Android
		{6E91B28B-BC8F-4B83-AC1C-7AFB39BB1E15}.Debug|Android.Build.0 = Debug|Android
		{6E91B28B-BC8F-4B83-AC1C-7AFB39BB1E15}.Debug|Win32.ActiveCfg = Debug|Win32
		{6E91B28B-BC8F-4B83-AC1C-7AFB39BB1E15}.Debug|Win32.Build.0 = Debug|Win32
		{6E91B28B-BC8F-4B83-AC1C-7AFB39BB1E15}.Release|Android.ActiveCfg = Release|Win32
		{6E91B28B-BC8F-4B83-AC1C-7AFB39BB1E15}.Release|Win32.ActiveCfg = Release|Win32
		{6E91B28B-BC8F-4B83-AC1C-7AFB39BB1E15}.Release|Win32.Build.0 = Release|Win32
		{32189EE7-5F26-42F6-8A64-E5AF6DC8B282}.Debug|Android.ActiveCfg = Debug|Android
		{32189EE7-5F26-42F6-8A64-E5AF6DC8B282}.Debug|Android.Build.0 = Debug|Android
		{32189EE7-5F26-42F6-8A64-E5AF6DC8B282}.Debug|Win32.ActiveCfg = Debug|Win32
		{32189EE7-5F26-42F6-8A64-E5AF6DC8B282}.Debug|Win32.Build.0 = Debug|Win32
		{32189EE7-5F26-42F6-8A64-E5AF6DC8B282}.Release|Android.ActiveCfg = Release|Win32
		{32189EE7-5F26-42F6-8A64-E5AF6DC8B282}.Release|Win32.ActiveCfg = Release|Win32
		{32189EE7-5F26-42F6-8A64-E5AF6DC8B282}.Release|Win32.Build.0 = Release|Win32
		{853AC481-3F24-4FF4-AF0A-728B019B670E}.Debug|Android.ActiveCfg = Debug|Win32
		{853AC481-3F24-4FF4-AF0A-728B019B670E}.Debug|Win32.ActiveCfg = Debug|Win32
		{853AC481-3F24-4FF4-AF0A-728B019B670E}.Debug|Win32.Build.0 = Debug|Win32
		{853AC481-3F24-4FF4-AF0A-728B019B670E}.Release|Android.ActiveCfg = Release|Win32
		{853AC481-3F24-4FF4-AF0A-728B019B670E}.Release|Win32.ActiveCfg = Release|Win32
		{853AC481-3F24-4FF4-AF0A-728B019B670E}.Release|Win32.Build.0 = Release|Win32
		{6BA03C58-C796-4B3E-B4B4-F5E48A3265C7}.Debug|Android.ActiveCfg = Debug|Win32
		{6BA03C58-C796-4B3E-B4B4-F5E48A3265C7}.Debug|Win32.ActiveCfg = Debug|Win32
		{6BA03C58-C796-4B3E-B4B4-F5E48A3265C7}.Debug|Win32.Build.0 = Debug|Win32
		{6BA03C58-C796-4B3E-B4B4-F5E48A3265C7}.Release|Android.ActiveCfg = Release|Win32
		{6BA03C58-C796-4B3E-B4B4-F5E48A3265C7}.Release|Win32.ActiveCfg = Release|Win32
		{6BA03C58-C796-4B3E-B4B4-F5E48A3265C7}.Release|Win32.Build.0 = Release|Win32
		{F9B0EC03-C8A7-4EF9-B5FA-CCD143A520B1}.Debug|Android.ActiveCfg = Debug|Android
		{F9B0EC03-C8A7-4EF9-B5FA-CCD143A520B1}.Debug|Android.Build.0 = Debug|Android
		{F9B0EC03-C8A7-4EF9-B5FA-CCD143A520B1}.Debug|Win32.ActiveCfg = Debug|Win32
		{F9B0EC03-C8A7-4EF9-B5FA-CCD143A520B1}.Debug|Win32.Build.0 = Debug|Win32
		{F9B0EC03-C8A7-4EF9-B5FA-CCD143A520B1}.Release|Android.ActiveCfg = Release|Win32
		{F9B0EC03-C8A7-4EF9-B5FA-CCD143A520B1}.Release|Win32.ActiveCfg = Release|Win32
		{F9B0EC03-C8A7-4EF9-B5FA-CCD143A520B1}.Release|Win32.Build.0 = Release|Win32
		{0030E394-9C31-4C34-89A7-6D53D3E13757}.Debug|Android.ActiveCfg = Debug|Android
		{0030E394-9C31-4C34-89A7-6D53D3E13757}.Debug|Android.Build.0 = Debug|Android
		{0030E394-9C31-4C34-89A7-6D53D3E13757}.Debug|Win32.ActiveCfg = Debug|Android
		{0030E394-9C31-4C34-89A7-6D53D3E13757}.Release|Android.ActiveCfg = Release|Android
		{0030E394-9C31-4C34-89A7-6D53D3E13757}.Release|Android.Build.0 = Release|Android
		{0030E394-9C31-4C34-89A7-6D53D3E13757}.Release|Win32.ActiveCfg = Release|Android
		{6A5C60CC-8471-4EE2-A9D7-9286EAD4474A}.Debug|Android.ActiveCfg = Debug|Win32
		{6A5C60CC-8471-4EE2-A9D7-9286EAD4474A}.Debug|Win32.ActiveCfg = Debug|Win32
		{6A5C60CC-8471-4EE2-A9D7-9286EAD4474A}.Debug|Win32.Build.0 = Debug|Win32
		{6A5C60CC-8471-4EE2-A9D7-9286EAD4474A}.Release|Android.ActiveCfg = Release|Win32
		{6A5C60CC-8471-4EE2-A9D7-9286EAD4474A}.Release|Win32.ActiveCfg = Release|Win32
		{6A5C60CC-8471-4EE2-A9D7-9286EAD4474A}.Release|Win32.Build.0 = Release|Win32
		{0C461216-4F94-4310-9E56-7646428965C1}.Debug|Android.ActiveCfg = Debug|Win32
		{0C461216-4F94-4310-9E56-7646428965C1}.Debug|Win32.ActiveCfg = Debug|Win32
		{0C461216-4F94-4310-9E56-7646428965C1}.Debug|Win32.Build.0 = Debug|Win32
		{0C461216-4F94-4310-9E56-7646428965C1}.Release|Android.ActiveCfg = Release|Win32
		{0C461216-4F94-4310-9E56-7646428965C1}.Release|Win32.ActiveCfg = Release|Win32
		{0C461216-4F94-4310-9E56-7646428965C1}.Release|Win32.Build.0 = Release|Win32
		{BFDFD369-216D-48E0-AC7A-C5F0C075B64B}.Debug|Android.ActiveCfg = Debug|Android
		{BFDFD369-216D-48E0-AC7A-C5F0C075B64B}.Debug|Android.Build.0 = Debug|Android
		{BFDFD369-216D-48E0-AC7A-C5F0C075B64B}.Debug|Win32.ActiveCfg = Debug|Win32
		{BFDFD369-216D-48E0-AC7A-C5F0C075B64B}.Debug|Win32.Build.0 = Debug|Win32
		{BFDFD369-216D-48E0-AC7A-C5F0C075B64B}.Release|Android.ActiveCfg = Release|Win32
		{BFDFD369-216D-48E0-AC7A-C5F0C075B64B}.Release|Win32.ActiveCfg = Release|Win32
		{BFDFD369-216D-48E0-AC7A-C5F0C075B64B}.Release|Win32.Build.0 = Release|Win32
		{F42377E4-FCC3-4809-8E33-034F07C4C536}.Debug|Android.ActiveCfg = Debug|Win32
		{F42377E4-FCC3-4809-8E33-034F07C4C536}.Debug|Win32.ActiveCfg = Debug|Win32
		{F42377E4-FCC3-4809-8E33-034F07C4C536}.Debug|Win32.Build.0 = Debug|Win32
		{F42377E4-FCC3-4809-8E33-034F07C4C536}.Release|Android.ActiveCfg = Release|Win32
		{F42377E4-FCC3-4809-8E33-034F07C4C536}.Release|Win32.ActiveCfg = Release|Win32
		{F42377E4-FCC3-4809-8E33-034F07C4C536}.Release|Win32.Build.0 = Release|Win32
		{A2267743-E2AB-41A8-9A4A-09E969AA6ABB}.Debug|Android.ActiveCfg = Debug|Win32
		{A2267743-E2AB-41A8-9A4A-09E969AA6ABB}.Debug|Win32.ActiveCfg = Debug|Win32
		{A2267743-E2AB-41A8-9A4A-09E969AA6ABB}.Debug|Win32.Build.0 = Debug|Win32
		{A2267743-E2AB-41A8-9A4A-09E969AA6ABB}.Release|Android.ActiveCfg = Release|Win32
		{A2267743-E2AB-41A8-9A4A-09E969AA6ABB}.Release|Win32.ActiveCfg = Release|Win32
		{A2267743-E2AB-41A8-9A4A-09E969AA6ABB}.Release|Win32.Build.0 = Release|Win32
		{CEEB44B7-B4B8-4844-9A6C-24C08186BA04}.Debug|Android.ActiveCfg = Debug|Android
		{CEEB44B7-B4B8-4844-9A6C-24C08186BA04}.Debug|Android.Build.0 = Debug|Android
		{CEEB44B7-B4B8-4844-9A6C-24C08186BA04}.Debug|Win32.ActiveCfg = Debug|Win32
		{CEEB44B7-B4B8-4844-9A6C-24C08186BA04}.Debug|Win32.Build.0 = Debug|Win32
		{CEEB44B7-B4B8-4844-9A6C-24C08186BA04}.Release|Android.ActiveCfg = Release|Win32
		{CEEB44B7-B4B8-4844-9A6C-24C08186BA04}.Release|Win32.ActiveCfg = Release|Win32
		{CEEB44B7-B4B8-4844-9A6C-24C08186BA04}.Release|Win32.Build.0 = Release|Win32
		{9F039019-F3B0-4C36-97DC-CE74FCD8889A}.Debug|Android.ActiveCfg = Debug|Android
		{9F039019-F3B0-4C36-97DC-CE74FCD8889A}.Debug|Android.Build.0 = Debug|Android
		{9F039019-F3B0-4C36-97DC-CE74FCD8889A}.Debug|Win32.ActiveCfg = Debug|Win32
		{9F039019-F3B0-4C36-97DC-CE74FCD8889A}.Debug|Win32.Build.0 = Debug|Win32
		{9F039019-F3B0-4C36-97DC-CE74FCD8889A}.Release|Android.ActiveCfg = Release|Win32
		{9F039019-F3B0-4C36-97DC-CE74FCD8889A}.Release|Win32.ActiveCfg = Release|Win32
		{9F039019-F3B0-4C36-97DC-CE74FCD8889A}.Release|Win32.Build.0 = Release|Win32
	EndGlobalSection
	GlobalSection(SolutionProperties) = preSolution
		HideSolutionNode = FALSE
	EndGlobalSection
	GlobalSection(NestedProjects) = preSolution
		{0030E394-9C31-4C34-89A7-6D53D3E13757} = {9687553D-7DA5-4373-9D9B-AD1476C6E543}
	EndGlobalSection
EndGlobal
