
Microsoft Visual Studio Solution File, Format Version 12.00
# Visual Studio 2012
Project("{8BC9CEB8-8B4A-11D0-8D11-00A0C91BC942}") = "LuaPlus", "Dependencies\LuaPlus\LuaPlus.vcxproj", "{3706C4E6-E5F4-4DBD-AD0A-0F521960551C}"
EndProject
Project("{8BC9CEB8-8B4A-11D0-8D11-00A0C91BC942}") = "GLEW", "Dependencies\GLEW\GLEW.vcxproj", "{07360CCD-840A-4C93-A6A2-E43347CC313E}"
EndProject
Project("{8BC9CEB8-8B4A-11D0-8D11-00A0C91BC942}") = "TinyThread", "Dependencies\TinyThread\TinyThread.vcxproj", "{6E91B28B-BC8F-4B83-AC1C-7AFB39BB1E15}"
EndProject
Project("{8BC9CEB8-8B4A-11D0-8D11-00A0C91BC942}") = "Enet", "Dependencies\Enet\Enet.vcxproj", "{32189EE7-5F26-42F6-8A64-E5AF6DC8B282}"
EndProject
Project("{8BC9CEB8-8B4A-11D0-8D11-00A0C91BC942}") = "freetype", "Dependencies\freetype\freetype.vcxproj", "{853AC481-3F24-4FF4-AF0A-728B019B670E}"
EndProject
Project("{8BC9CEB8-8B4A-11D0-8D11-00A0C91BC942}") = "Detour", "Dependencies\Detour\Detour.vcxproj", "{6BA03C58-C796-4B3E-B4B4-F5E48A3265C7}"
EndProject
Project("{8BC9CEB8-8B4A-11D0-8D11-00A0C91BC942}") = "JsonCPP", "Dependencies\JsonCPP\JsonCPP.vcxproj", "{F9B0EC03-C8A7-4EF9-B5FA-CCD143A520B1}"
EndProject
Global
	GlobalSection(SolutionConfigurationPlatforms) = preSolution
		Debug|Android = Debug|Android
		Debug|Win32 = Debug|Win32
		Release|Android = Release|Android
		Release|Win32 = Release|Win32
	EndGlobalSection
	GlobalSection(ProjectConfigurationPlatforms) = postSolution
		{3706C4E6-E5F4-4DBD-AD0A-0F521960551C}.Debug|Android.ActiveCfg = Debug|Win32
		{3706C4E6-E5F4-4DBD-AD0A-0F521960551C}.Debug|Win32.ActiveCfg = Debug|Win32
		{3706C4E6-E5F4-4DBD-AD0A-0F521960551C}.Debug|Win32.Build.0 = Debug|Win32
		{3706C4E6-E5F4-4DBD-AD0A-0F521960551C}.Release|Android.ActiveCfg = Release|Win32
		{3706C4E6-E5F4-4DBD-AD0A-0F521960551C}.Release|Win32.ActiveCfg = Release|Win32
		{3706C4E6-E5F4-4DBD-AD0A-0F521960551C}.Release|Win32.Build.0 = Release|Win32
		{07360CCD-840A-4C93-A6A2-E43347CC313E}.Debug|Android.ActiveCfg = Debug|Win32
		{07360CCD-840A-4C93-A6A2-E43347CC313E}.Debug|Win32.ActiveCfg = Debug|Win32
		{07360CCD-840A-4C93-A6A2-E43347CC313E}.Debug|Win32.Build.0 = Debug|Win32
		{07360CCD-840A-4C93-A6A2-E43347CC313E}.Release|Android.ActiveCfg = Release|Win32
		{07360CCD-840A-4C93-A6A2-E43347CC313E}.Release|Win32.ActiveCfg = Release|Win32
		{07360CCD-840A-4C93-A6A2-E43347CC313E}.Release|Win32.Build.0 = Release|Win32
		{6E91B28B-BC8F-4B83-AC1C-7AFB39BB1E15}.Debug|Android.ActiveCfg = Debug|Android
		{6E91B28B-BC8F-4B83-AC1C-7AFB39BB1E15}.Debug|Android.Build.0 = Debug|Android
		{6E91B28B-BC8F-4B83-AC1C-7AFB39BB1E15}.Debug|Win32.ActiveCfg = Debug|Win32
		{6E91B28B-BC8F-4B83-AC1C-7AFB39BB1E15}.Debug|Win32.Build.0 = Debug|Win32
		{6E91B28B-BC8F-4B83-AC1C-7AFB39BB1E15}.Release|Android.ActiveCfg = Release|Win32
		{6E91B28B-BC8F-4B83-AC1C-7AFB39BB1E15}.Release|Win32.ActiveCfg = Release|Win32
		{6E91B28B-BC8F-4B83-AC1C-7AFB39BB1E15}.Release|Win32.Build.0 = Release|Win32
		{32189EE7-5F26-42F6-8A64-E5AF6DC8B282}.Debug|Android.ActiveCfg = Debug|Android
		{32189EE7-5F26-42F6-8A64-E5AF6DC8B282}.Debug|Android.Build.0 = Debug|Android
		{32189EE7-5F26-42F6-8A64-E5AF6DC8B282}.Debug|Win32.ActiveCfg = Debug|Win32
		{32189EE7-5F26-42F6-8A64-E5AF6DC8B282}.Debug|Win32.Build.0 = Debug|Win32
		{32189EE7-5F26-42F6-8A64-E5AF6DC8B282}.Release|Android.ActiveCfg = Release|Win32
		{32189EE7-5F26-42F6-8A64-E5AF6DC8B282}.Release|Win32.ActiveCfg = Release|Win32
		{32189EE7-5F26-42F6-8A64-E5AF6DC8B282}.Release|Win32.Build.0 = Release|Win32
		{853AC481-3F24-4FF4-AF0A-728B019B670E}.Debug|Android.ActiveCfg = Debug|Win32
		{853AC481-3F24-4FF4-AF0A-728B019B670E}.Debug|Win32.ActiveCfg = Debug|Win32
		{853AC481-3F24-4FF4-AF0A-728B019B670E}.Debug|Win32.Build.0 = Debug|Win32
		{853AC481-3F24-4FF4-AF0A-728B019B670E}.Release|Android.ActiveCfg = Release|Win32
		{853AC481-3F24-4FF4-AF0A-728B019B670E}.Release|Win32.ActiveCfg = Release|Win32
		{853AC481-3F24-4FF4-AF0A-728B019B670E}.Release|Win32.Build.0 = Release|Win32
		{6BA03C58-C796-4B3E-B4B4-F5E48A3265C7}.Debug|Android.ActiveCfg = Debug|Win32
		{6BA03C58-C796-4B3E-B4B4-F5E48A3265C7}.Debug|Win32.ActiveCfg = Debug|Win32
		{6BA03C58-C796-4B3E-B4B4-F5E48A3265C7}.Debug|Win32.Build.0 = Debug|Win32
		{6BA03C58-C796-4B3E-B4B4-F5E48A3265C7}.Release|Android.ActiveCfg = Release|Win32
		{6BA03C58-C796-4B3E-B4B4-F5E48A3265C7}.Release|Win32.ActiveCfg = Release|Win32
		{6BA03C58-C796-4B3E-B4B4-F5E48A3265C7}.Release|Win32.Build.0 = Release|Win32
		{F9B0EC03-C8A7-4EF9-B5FA-CCD143A520B1}.Debug|Android.ActiveCfg = Debug|Android
		{F9B0EC03-C8A7-4EF9-B5FA-CCD143A520B1}.Debug|Android.Build.0 = Debug|Android
		{F9B0EC03-C8A7-4EF9-B5FA-CCD143A520B1}.Debug|Win32.ActiveCfg = Debug|Win32
		{F9B0EC03-C8A7-4EF9-B5FA-CCD143A520B1}.Debug|Win32.Build.0 = Debug|Win32
		{F9B0EC03-C8A7-4EF9-B5FA-CCD143A520B1}.Release|Android.ActiveCfg = Release|Win32
		{F9B0EC03-C8A7-4EF9-B5FA-CCD143A520B1}.Release|Win32.ActiveCfg = Release|Win32
		{F9B0EC03-C8A7-4EF9-B5FA-CCD143A520B1}.Release|Win32.Build.0 = Release|Win32
	EndGlobalSection
	GlobalSection(SolutionProperties) = preSolution
		HideSolutionNode = FALSE
	EndGlobalSection
EndGlobal
