
Microsoft Visual Studio Solution File, Format Version 12.00
# Visual Studio 2012
Project("{8BC9CEB8-8B4A-11D0-8D11-00A0C91BC942}") = "EngineTest", "EngineTest\EngineTest.vcxproj", "{E9A85DD2-EEAF-4DDA-B0D6-47267C9C6776}"
	ProjectSection(ProjectDependencies) = postProject
		{23445B9F-1C0E-45A8-B5FA-0BDB152AC569} = {23445B9F-1C0E-45A8-B5FA-0BDB152AC569}
	EndProjectSection
EndProject
Project("{8BC9CEB8-8B4A-11D0-8D11-00A0C91BC942}") = "Math", "Math\Math.vcxproj", "{09324874-E282-4D64-9D94-6D1E6E7B4867}"
EndProject
Project("{8BC9CEB8-8B4A-11D0-8D11-00A0C91BC942}") = "Engine", "Engine\K15_Engine.vcxproj", "{23445B9F-1C0E-45A8-B5FA-0BDB152AC569}"
	ProjectSection(ProjectDependencies) = postProject
		{09324874-E282-4D64-9D94-6D1E6E7B4867} = {09324874-E282-4D64-9D94-6D1E6E7B4867}
	EndProjectSection
EndProject
Project("{8BC9CEB8-8B4A-11D0-8D11-00A0C91BC942}") = "Renderer_OGL", "Renderer_OGL\Renderer_OGL.vcxproj", "{3E1520C8-9F5B-403B-854B-F0ACE407C47B}"
	ProjectSection(ProjectDependencies) = postProject
		{23445B9F-1C0E-45A8-B5FA-0BDB152AC569} = {23445B9F-1C0E-45A8-B5FA-0BDB152AC569}
	EndProjectSection
EndProject
Project("{8BC9CEB8-8B4A-11D0-8D11-00A0C91BC942}") = "LuaCPP_Parser", "LuaCPP_Parser\LuaCPP_Parser.vcxproj", "{7516C6DE-0848-45D8-A7E6-551ED882E9C0}"
EndProject
Global
	GlobalSection(SolutionConfigurationPlatforms) = preSolution
		Debug|Win32 = Debug|Win32
		Release|Win32 = Release|Win32
	EndGlobalSection
	GlobalSection(ProjectConfigurationPlatforms) = postSolution
		{E9A85DD2-EEAF-4DDA-B0D6-47267C9C6776}.Debug|Win32.ActiveCfg = Debug|Win32
		{E9A85DD2-EEAF-4DDA-B0D6-47267C9C6776}.Debug|Win32.Build.0 = Debug|Win32
		{E9A85DD2-EEAF-4DDA-B0D6-47267C9C6776}.Release|Win32.ActiveCfg = Release|Win32
		{E9A85DD2-EEAF-4DDA-B0D6-47267C9C6776}.Release|Win32.Build.0 = Release|Win32
		{09324874-E282-4D64-9D94-6D1E6E7B4867}.Debug|Win32.ActiveCfg = Debug|Win32
		{09324874-E282-4D64-9D94-6D1E6E7B4867}.Debug|Win32.Build.0 = Debug|Win32
		{09324874-E282-4D64-9D94-6D1E6E7B4867}.Release|Win32.ActiveCfg = Release|Win32
		{09324874-E282-4D64-9D94-6D1E6E7B4867}.Release|Win32.Build.0 = Release|Win32
		{23445B9F-1C0E-45A8-B5FA-0BDB152AC569}.Debug|Win32.ActiveCfg = Debug|Win32
		{23445B9F-1C0E-45A8-B5FA-0BDB152AC569}.Debug|Win32.Build.0 = Debug|Win32
		{23445B9F-1C0E-45A8-B5FA-0BDB152AC569}.Release|Win32.ActiveCfg = Release|Win32
		{23445B9F-1C0E-45A8-B5FA-0BDB152AC569}.Release|Win32.Build.0 = Release|Win32
		{3E1520C8-9F5B-403B-854B-F0ACE407C47B}.Debug|Win32.ActiveCfg = Debug|Win32
		{3E1520C8-9F5B-403B-854B-F0ACE407C47B}.Debug|Win32.Build.0 = Debug|Win32
		{3E1520C8-9F5B-403B-854B-F0ACE407C47B}.Release|Win32.ActiveCfg = Release|Win32
		{3E1520C8-9F5B-403B-854B-F0ACE407C47B}.Release|Win32.Build.0 = Release|Win32
		{7516C6DE-0848-45D8-A7E6-551ED882E9C0}.Debug|Win32.ActiveCfg = Debug|Win32
		{7516C6DE-0848-45D8-A7E6-551ED882E9C0}.Debug|Win32.Build.0 = Debug|Win32
		{7516C6DE-0848-45D8-A7E6-551ED882E9C0}.Release|Win32.ActiveCfg = Release|Win32
		{7516C6DE-0848-45D8-A7E6-551ED882E9C0}.Release|Win32.Build.0 = Release|Win32
	EndGlobalSection
	GlobalSection(SolutionProperties) = preSolution
		HideSolutionNode = FALSE
	EndGlobalSection
EndGlobal
