<?xml version="1.0" encoding="utf-8"?>
<Project ToolsVersion="4.0" xmlns="http://schemas.microsoft.com/developer/msbuild/2003">
  <ItemGroup>
    <Filter Include="Core">
      <UniqueIdentifier>{93995380-89BD-4b04-88EB-625FBE52EBFB}</UniqueIdentifier>
      <Extensions>h;hpp;hxx;hm;inl;inc;xsd</Extensions>
    </Filter>
    <Filter Include="Core\include">
      <UniqueIdentifier>{fb5413c7-076f-4eec-9aef-5a9755eb7186}</UniqueIdentifier>
    </Filter>
    <Filter Include="Core\src">
      <UniqueIdentifier>{ed27633f-a79e-4b61-9bb3-e9d815b98780}</UniqueIdentifier>
    </Filter>
    <Filter Include="Plugin">
      <UniqueIdentifier>{2f649af3-8de8-408d-bc0b-bf2d33d384c4}</UniqueIdentifier>
    </Filter>
    <Filter Include="Plugin\include">
      <UniqueIdentifier>{e18829e8-d2c3-4af0-bbcc-374028dd8518}</UniqueIdentifier>
    </Filter>
    <Filter Include="Plugin\src">
      <UniqueIdentifier>{aa0133b7-bf50-45fa-a916-2d1931b93fca}</UniqueIdentifier>
    </Filter>
  </ItemGroup>
  <ItemGroup>
    <ClInclude Include="..\..\plugins\tower_defense\include\TD_Prerequisities.h">
      <Filter>Core\include</Filter>
    </ClInclude>
    <ClInclude Include="..\..\plugins\tower_defense\include\plugin.h">
      <Filter>Plugin\include</Filter>
    </ClInclude>
    <ClInclude Include="..\..\plugins\tower_defense\include\TD_GameModule.h">
      <Filter>Core\include</Filter>
    </ClInclude>
    <ClInclude Include="..\..\plugins\tower_defense\include\TD_Level.h">
      <Filter>Core\include</Filter>
    </ClInclude>
    <ClInclude Include="..\..\plugins\tower_defense\include\TD_RenderProcess.h">
      <Filter>Core\include</Filter>
    </ClInclude>
    <ClInclude Include="..\..\plugins\tower_defense\include\TD_MainGameState.h">
      <Filter>Core\include</Filter>
    </ClInclude>
    <ClInclude Include="..\..\plugins\tower_defense\include\TD_MoveComponent.h">
      <Filter>Core\include</Filter>
    </ClInclude>
  </ItemGroup>
  <ItemGroup>
    <ClCompile Include="..\..\plugins\tower_defense\src\plugin.cpp">
      <Filter>Plugin\src</Filter>
    </ClCompile>
    <ClCompile Include="..\..\plugins\tower_defense\src\TD_GameModule.cpp">
      <Filter>Core\src</Filter>
    </ClCompile>
    <ClCompile Include="..\..\plugins\tower_defense\src\TD_Level.cpp">
      <Filter>Core\src</Filter>
    </ClCompile>
    <ClCompile Include="..\..\plugins\tower_defense\src\TD_RenderProcess.cpp">
      <Filter>Plugin\src</Filter>
    </ClCompile>
    <ClCompile Include="..\..\plugins\tower_defense\src\TD_MainGameState.cpp">
      <Filter>Core\src</Filter>
    </ClCompile>
    <ClCompile Include="..\..\plugins\tower_defense\src\TD_MoveComponent.cpp">
      <Filter>Core\src</Filter>
    </ClCompile>
  </ItemGroup>
  <ItemGroup>
    <None Include="module.def" />
  </ItemGroup>
</Project>