<?xml version="1.0" encoding="utf-8"?>
<Project ToolsVersion="4.0" xmlns="http://schemas.microsoft.com/developer/msbuild/2003">
  <ItemGroup>
    <ClInclude Include="..\..\math\include\K15_Vector2.h">
      <Filter>Vector</Filter>
    </ClInclude>
    <ClInclude Include="..\..\math\include\K15_Vector3.h">
      <Filter>Vector</Filter>
    </ClInclude>
    <ClInclude Include="..\..\math\include\K15_Matrix3x3.h">
      <Filter>Matrix</Filter>
    </ClInclude>
    <ClInclude Include="..\..\math\include\K15_Matrix4x4.h">
      <Filter>Matrix</Filter>
    </ClInclude>
    <ClInclude Include="..\..\math\include\K15_Quaternion.h">
      <Filter>Quaternion</Filter>
    </ClInclude>
    <ClInclude Include="..\..\math\include\K15_Mathematic.h">
      <Filter>Mathematic</Filter>
    </ClInclude>
  </ItemGroup>
  <ItemGroup>
    <ClCompile Include="..\..\math\src\K15_Vector2.cpp">
      <Filter>Vector</Filter>
    </ClCompile>
    <ClCompile Include="..\..\math\src\K15_Vector3.cpp">
      <Filter>Vector</Filter>
    </ClCompile>
    <ClCompile Include="..\..\math\src\K15_Matrix3x3.cpp">
      <Filter>Matrix</Filter>
    </ClCompile>
    <ClCompile Include="..\..\math\src\K15_Matrix4x4.cpp">
      <Filter>Matrix</Filter>
    </ClCompile>
    <ClCompile Include="..\..\math\src\K15_Mathematic.cpp">
      <Filter>Mathematic</Filter>
    </ClCompile>
    <ClCompile Include="..\..\math\src\K15_Matrix4x4.cpp" />
    <ClCompile Include="..\..\math\src\K15_Matrix3x3.cpp" />
    <ClCompile Include="..\..\math\src\K15_Mathematic.cpp">
      <Filter>Mathematic</Filter>
    </ClCompile>
    <ClCompile Include="..\..\math\src\K15_Vector2.cpp">
      <Filter>Vector</Filter>
    </ClCompile>
    <ClCompile Include="..\..\math\src\K15_Vector3.cpp">
      <Filter>Vector</Filter>
    </ClCompile>
    <ClCompile Include="..\..\math\src\K15_Quaternion.cpp">
      <Filter>Quaternion</Filter>
    </ClCompile>
  </ItemGroup>
  <ItemGroup>
    <Filter Include="Vector">
      <UniqueIdentifier>{a583acf9-0413-49be-acde-f0870be455f3}</UniqueIdentifier>
    </Filter>
    <Filter Include="Matrix">
      <UniqueIdentifier>{f7ef1b83-a489-47e6-a1e8-e878b833a1be}</UniqueIdentifier>
    </Filter>
    <Filter Include="Quaternion">
      <UniqueIdentifier>{70b09b8a-0052-4137-a772-b3abbddcef06}</UniqueIdentifier>
    </Filter>
    <Filter Include="Mathematic">
      <UniqueIdentifier>{8192826b-f0c8-4fbc-ba57-e498f190b9b0}</UniqueIdentifier>
    </Filter>
  </ItemGroup>
  <ItemGroup>
    <None Include="..\..\math\src\K15_Mathematic.inl">
      <Filter>Mathematic</Filter>
    </None>
    <None Include="..\..\math\src\K15_Matrix3x3.inl">
      <Filter>Matrix</Filter>
    </None>
    <None Include="..\..\math\src\K15_Matrix4x4.inl">
      <Filter>Matrix</Filter>
    </None>
    <None Include="..\..\math\src\K15_Vector3.inl">
      <Filter>Vector</Filter>
    </None>
    <None Include="..\..\math\src\K15_Matrix4x4.inl">
      <Filter>Matrix</Filter>
    </None>
    <None Include="..\..\math\src\K15_Matrix3x3.inl">
      <Filter>Matrix</Filter>
    </None>
    <None Include="..\..\math\src\K15_Vector3.inl">
      <Filter>Vector</Filter>
    </None>
    <None Include="..\..\math\src\K15_Quaternion.inl">
      <Filter>Quaternion</Filter>
    </None>
  </ItemGroup>
</Project>