<?xml version="1.0" encoding="utf-8"?>
<Project ToolsVersion="4.0" xmlns="http://schemas.microsoft.com/developer/msbuild/2003">
  <ItemGroup>
    <Filter Include="include">
      <UniqueIdentifier>{34d76d7d-f8ec-467b-9d67-431308571ac3}</UniqueIdentifier>
    </Filter>
    <Filter Include="src">
      <UniqueIdentifier>{53db17d5-35f5-4ac2-8152-315b7d962260}</UniqueIdentifier>
    </Filter>
  </ItemGroup>
  <ItemGroup>
    <ClInclude Include="..\..\..\dependencies\tinyobjloader\include\tiny_obj_loader.h">
      <Filter>include</Filter>
    </ClInclude>
  </ItemGroup>
  <ItemGroup>
    <ClCompile Include="..\..\..\dependencies\tinyobjloader\src\tiny_obj_loader.cc">
      <Filter>src</Filter>
    </ClCompile>
  </ItemGroup>
</Project>