<?xml version="1.0" encoding="utf-8"?>
<Project ToolsVersion="4.0" xmlns="http://schemas.microsoft.com/developer/msbuild/2003">
  <ItemGroup>
    <Filter Include="include">
      <UniqueIdentifier>{660a5637-2617-41c8-a157-048b20e8359a}</UniqueIdentifier>
    </Filter>
    <Filter Include="src">
      <UniqueIdentifier>{e91c4e61-bc23-4924-91ce-be8f5fa35870}</UniqueIdentifier>
    </Filter>
  </ItemGroup>
  <ItemGroup>
    <ClCompile Include="..\..\..\dependencies\Enet\src\callbacks.c">
      <Filter>src</Filter>
    </ClCompile>
    <ClCompile Include="..\..\..\dependencies\Enet\src\compress.c">
      <Filter>src</Filter>
    </ClCompile>
    <ClCompile Include="..\..\..\dependencies\Enet\src\host.c">
      <Filter>src</Filter>
    </ClCompile>
    <ClCompile Include="..\..\..\dependencies\Enet\src\list.c">
      <Filter>src</Filter>
    </ClCompile>
    <ClCompile Include="..\..\..\dependencies\Enet\src\packet.c">
      <Filter>src</Filter>
    </ClCompile>
    <ClCompile Include="..\..\..\dependencies\Enet\src\peer.c">
      <Filter>src</Filter>
    </ClCompile>
    <ClCompile Include="..\..\..\dependencies\Enet\src\protocol.c">
      <Filter>src</Filter>
    </ClCompile>
    <ClCompile Include="..\..\..\dependencies\Enet\src\unix.c">
      <Filter>src</Filter>
    </ClCompile>
    <ClCompile Include="..\..\..\dependencies\Enet\src\win32.c">
      <Filter>src</Filter>
    </ClCompile>
  </ItemGroup>
  <ItemGroup>
    <ClInclude Include="..\..\..\dependencies\Enet\include\enet\callbacks.h">
      <Filter>include</Filter>
    </ClInclude>
    <ClInclude Include="..\..\..\dependencies\Enet\include\enet\enet.h">
      <Filter>include</Filter>
    </ClInclude>
    <ClInclude Include="..\..\..\dependencies\Enet\include\enet\list.h">
      <Filter>include</Filter>
    </ClInclude>
    <ClInclude Include="..\..\..\dependencies\Enet\include\enet\protocol.h">
      <Filter>include</Filter>
    </ClInclude>
    <ClInclude Include="..\..\..\dependencies\Enet\include\enet\time.h">
      <Filter>include</Filter>
    </ClInclude>
    <ClInclude Include="..\..\..\dependencies\Enet\include\enet\types.h">
      <Filter>include</Filter>
    </ClInclude>
    <ClInclude Include="..\..\..\dependencies\Enet\include\enet\unix.h">
      <Filter>include</Filter>
    </ClInclude>
    <ClInclude Include="..\..\..\dependencies\Enet\include\enet\utility.h">
      <Filter>include</Filter>
    </ClInclude>
    <ClInclude Include="..\..\..\dependencies\Enet\include\enet\win32.h">
      <Filter>include</Filter>
    </ClInclude>
  </ItemGroup>
</Project>