<?xml version="1.0" encoding="utf-8"?>
<Project ToolsVersion="4.0" xmlns="http://schemas.microsoft.com/developer/msbuild/2003">
  <ItemGroup>
    <None Include="module.def" />
    <None Include="..\..\engine\core\include\K15_AABB.inl">
      <Filter>core\include</Filter>
    </None>
    <None Include="..\..\engine\core\include\K15_AllocatedObject.inl">
      <Filter>core\include</Filter>
    </None>
    <None Include="..\..\engine\core\include\K15_Application.inl">
      <Filter>core\include</Filter>
    </None>
    <None Include="..\..\engine\core\include\K15_BaseAllocator.inl">
      <Filter>core\include</Filter>
    </None>
    <None Include="..\..\engine\core\include\K15_ColorRGBA.inl">
      <Filter>core\include</Filter>
    </None>
    <None Include="..\..\engine\core\include\K15_DynamicLibraryBase.inl">
      <Filter>core\include</Filter>
    </None>
    <None Include="..\..\engine\core\include\K15_EventHandler.inl">
      <Filter>core\include</Filter>
    </None>
    <None Include="..\..\engine\core\include\K15_EventManager.inl">
      <Filter>core\include</Filter>
    </None>
    <None Include="..\..\engine\core\include\K15_Font.inl">
      <Filter>core\include</Filter>
    </None>
    <None Include="..\..\engine\core\include\K15_Frustum.inl">
      <Filter>core\include</Filter>
    </None>
    <None Include="..\..\engine\core\include\K15_GameEvent.inl">
      <Filter>core\include</Filter>
    </None>
    <None Include="..\..\engine\core\include\K15_GameObject.inl">
      <Filter>core\include</Filter>
    </None>
    <None Include="..\..\engine\core\include\K15_GameObjectComponentBase.inl">
      <Filter>core\include</Filter>
    </None>
    <None Include="..\..\engine\core\include\K15_GameTime.inl">
      <Filter>core\include</Filter>
    </None>
    <None Include="..\..\engine\core\include\K15_HashedString.inl">
      <Filter>core\include</Filter>
    </None>
    <None Include="..\..\engine\core\include\K15_Image.inl">
      <Filter>core\include</Filter>
    </None>
    <None Include="..\..\engine\core\include\K15_IniFileParser.inl">
      <Filter>core\include</Filter>
    </None>
    <None Include="..\..\engine\core\include\K15_JobBase.inl">
      <Filter>core\include</Filter>
    </None>
    <None Include="..\..\engine\core\include\K15_Language.inl">
      <Filter>core\include</Filter>
    </None>
    <None Include="..\..\engine\core\include\K15_LogManager.inl">
      <Filter>core\include</Filter>
    </None>
    <None Include="..\..\engine\core\include\K15_Node.inl">
      <Filter>core\include</Filter>
    </None>
    <None Include="..\..\engine\core\include\K15_Object.inl">
      <Filter>core\include</Filter>
    </None>
    <None Include="..\..\engine\core\include\K15_PoolAllocator.inl">
      <Filter>core\include</Filter>
    </None>
    <None Include="..\..\engine\core\include\K15_ProfilingManager.inl">
      <Filter>core\include</Filter>
    </None>
    <None Include="..\..\engine\core\include\K15_Rtti.inl">
      <Filter>core\include</Filter>
    </None>
    <None Include="..\..\engine\core\include\K15_StringUtil.inl">
      <Filter>core\include</Filter>
    </None>
    <None Include="..\..\engine\core\include\K15_TaskBase.inl">
      <Filter>core\include</Filter>
    </None>
    <None Include="..\..\engine\core\include\K15_TaskManager.inl">
      <Filter>core\include</Filter>
    </None>
    <None Include="..\..\engine\core\include\K15_ThreadSafe.inl">
      <Filter>core\include</Filter>
    </None>
    <None Include="..\..\engine\core\include\android\K15_OSLayer_Android.inl">
      <Filter>core\include\android</Filter>
    </None>
    <None Include="..\..\engine\core\include\android\K15_RenderWindow_Android.inl">
      <Filter>core\include\android</Filter>
    </None>
    <None Include="..\..\engine\components\include\K15_CameraComponent.inl">
      <Filter>components\include</Filter>
    </None>
    <None Include="..\..\engine\components\include\K15_LightComponent.inl">
      <Filter>components\include</Filter>
    </None>
    <None Include="..\..\engine\components\include\K15_ModelComponent.inl">
      <Filter>components\include</Filter>
    </None>
    <None Include="..\..\engine\components\include\K15_NodeComponent.inl">
      <Filter>components\include</Filter>
    </None>
    <None Include="..\..\engine\serialization\include\K15_SerializerBase.inl">
      <Filter>serialization\include</Filter>
    </None>
    <None Include="..\..\engine\serialization\include\K15_SerialReader.inl">
      <Filter>serialization\include</Filter>
    </None>
    <None Include="..\..\engine\resource_system\include\K15_ResourceArchiveBase.inl">
      <Filter>resource_system\include</Filter>
    </None>
    <None Include="..\..\engine\resource_system\include\K15_ResourceBase.inl">
      <Filter>resource_system\include</Filter>
    </None>
    <None Include="..\..\engine\resource_system\include\K15_ResourceHandle.inl">
      <Filter>resource_system\include</Filter>
    </None>
    <None Include="..\..\engine\resource_system\include\K15_ResourceImporterBase.inl">
      <Filter>resource_system\include</Filter>
    </None>
    <None Include="..\..\engine\resource_system\include\K15_ResourceManager.inl">
      <Filter>resource_system\include</Filter>
    </None>
    <None Include="..\..\engine\rendering\include\K15_AlphaState.inl">
      <Filter>rendering\include</Filter>
    </None>
    <None Include="..\..\engine\rendering\include\K15_DepthState.inl">
      <Filter>rendering\include</Filter>
    </None>
    <None Include="..\..\engine\rendering\include\K15_GpuBuffer.inl">
      <Filter>rendering\include</Filter>
    </None>
    <None Include="..\..\engine\rendering\include\K15_GpuProgram.inl">
      <Filter>rendering\include</Filter>
    </None>
    <None Include="..\..\engine\rendering\include\K15_GpuProgramBatch.inl">
      <Filter>rendering\include</Filter>
    </None>
    <None Include="..\..\engine\rendering\include\K15_GpuProgramParameter.inl">
      <Filter>rendering\include</Filter>
    </None>
    <None Include="..\..\engine\rendering\include\K15_IndexBuffer.inl">
      <Filter>rendering\include</Filter>
    </None>
    <None Include="..\..\engine\rendering\include\K15_Material.inl">
      <Filter>rendering\include</Filter>
    </None>
    <None Include="..\..\engine\rendering\include\K15_Mesh.inl">
      <Filter>rendering\include</Filter>
    </None>
    <None Include="..\..\engine\rendering\include\K15_RendererBase.inl">
      <Filter>rendering\include</Filter>
    </None>
    <None Include="..\..\engine\rendering\include\K15_RenderQueue.inl">
      <Filter>rendering\include</Filter>
    </None>
    <None Include="..\..\engine\rendering\include\K15_SubMesh.inl">
      <Filter>rendering\include</Filter>
    </None>
    <None Include="..\..\engine\rendering\include\K15_Texture.inl">
      <Filter>rendering\include</Filter>
    </None>
    <None Include="..\..\engine\rendering\include\K15_TextureSampler.inl">
      <Filter>rendering\include</Filter>
    </None>
    <None Include="..\..\engine\rendering\include\K15_Vertex.inl">
      <Filter>rendering\include</Filter>
    </None>
    <None Include="..\..\engine\rendering\include\K15_VertexBuffer.inl">
      <Filter>rendering\include</Filter>
    </None>
    <None Include="..\..\engine\rendering\include\K15_VertexDeclaration.inl">
      <Filter>rendering\include</Filter>
    </None>
    <None Include="..\..\engine\core\include\K15_RenderWindow.inl">
      <Filter>core\include</Filter>
    </None>
    <None Include="..\..\engine\core\include\K15_Functor.inl">
      <Filter>core\include</Filter>
    </None>
  </ItemGroup>
  <ItemGroup>
    <Text Include="..\..\engine\doc\Folder structure.txt" />
    <Text Include="File formats.txt" />
  </ItemGroup>
  <ItemGroup>
    <Filter Include="core">
      <UniqueIdentifier>{d2e4e032-22d9-4536-9c16-0050d0dfb202}</UniqueIdentifier>
    </Filter>
    <Filter Include="core\include">
      <UniqueIdentifier>{6802c4ae-d4b7-41a5-ab31-0debaf0522a2}</UniqueIdentifier>
    </Filter>
    <Filter Include="core\src">
      <UniqueIdentifier>{ac5fddee-03b7-4e3b-aefa-91067a6c8574}</UniqueIdentifier>
    </Filter>
    <Filter Include="rendering">
      <UniqueIdentifier>{f3264db5-1d73-4c97-ba7a-b98ec80e5b48}</UniqueIdentifier>
    </Filter>
    <Filter Include="rendering\include">
      <UniqueIdentifier>{1472a418-1386-40c9-9a23-642505736aa3}</UniqueIdentifier>
    </Filter>
    <Filter Include="rendering\src">
      <UniqueIdentifier>{edcff26a-7768-4c58-97ad-354a56a1e60b}</UniqueIdentifier>
    </Filter>
    <Filter Include="resource_system">
      <UniqueIdentifier>{56caad14-0efc-49bf-bd01-2dc28931612e}</UniqueIdentifier>
    </Filter>
    <Filter Include="resource_system\include">
      <UniqueIdentifier>{73be8f89-9002-4302-9c1f-902caf06389f}</UniqueIdentifier>
    </Filter>
    <Filter Include="resource_system\src">
      <UniqueIdentifier>{1920d8c3-de50-45ec-8a7a-73d54b88d972}</UniqueIdentifier>
    </Filter>
    <Filter Include="components">
      <UniqueIdentifier>{37bce41c-7b56-405b-81fe-4d08bb55ff7e}</UniqueIdentifier>
    </Filter>
    <Filter Include="serialization">
      <UniqueIdentifier>{c15ce064-d307-4b4b-8d0b-f7bc7aae9ebf}</UniqueIdentifier>
    </Filter>
    <Filter Include="components\include">
      <UniqueIdentifier>{0560cddf-729d-424b-83a4-5f3fad5b28c1}</UniqueIdentifier>
    </Filter>
    <Filter Include="components\src">
      <UniqueIdentifier>{835dc947-5c1f-49ca-9a62-13f2c0952b7e}</UniqueIdentifier>
    </Filter>
    <Filter Include="serialization\include">
      <UniqueIdentifier>{5d135e99-db1a-49dd-9e30-f707345d010f}</UniqueIdentifier>
    </Filter>
    <Filter Include="serialization\src">
      <UniqueIdentifier>{a6907fdf-b0df-436d-b5e1-40c79d62c7d1}</UniqueIdentifier>
    </Filter>
    <Filter Include="core\include\win32">
      <UniqueIdentifier>{dfd7acbb-5bbe-4b64-9f07-66ac7bcb9c1b}</UniqueIdentifier>
    </Filter>
    <Filter Include="core\include\android">
      <UniqueIdentifier>{d6dce941-3251-4aa7-bd3c-b334ee0709a4}</UniqueIdentifier>
    </Filter>
    <Filter Include="core\include\linux">
      <UniqueIdentifier>{9511eab3-b586-4f1a-b706-fa5d293f8b1b}</UniqueIdentifier>
    </Filter>
    <Filter Include="core\src\win32">
      <UniqueIdentifier>{84095f1f-fdde-4e54-a536-4020811ebd32}</UniqueIdentifier>
    </Filter>
    <Filter Include="core\src\android">
      <UniqueIdentifier>{ededd842-c699-4be5-8d6d-b0443f0fd0a1}</UniqueIdentifier>
    </Filter>
    <Filter Include="core\src\linux">
      <UniqueIdentifier>{9d0e5f11-d1fd-49ef-8c94-a5db5c90f428}</UniqueIdentifier>
    </Filter>
    <Filter Include="resource_system\include\android">
      <UniqueIdentifier>{75de49e5-6ca5-43c8-ae8c-9422345b7c83}</UniqueIdentifier>
    </Filter>
    <Filter Include="resource_system\src\android">
      <UniqueIdentifier>{b7514d86-5cbe-49d5-b30f-fe802416e986}</UniqueIdentifier>
    </Filter>
  </ItemGroup>
  <ItemGroup>
    <ClInclude Include="..\..\engine\core\include\K15_AABB.h">
      <Filter>core\include</Filter>
    </ClInclude>
    <ClInclude Include="..\..\engine\core\include\K15_AllocatedObject.h">
      <Filter>core\include</Filter>
    </ClInclude>
    <ClInclude Include="..\..\engine\core\include\K15_Application.h">
      <Filter>core\include</Filter>
    </ClInclude>
    <ClInclude Include="..\..\engine\core\include\K15_ApplicationModule.h">
      <Filter>core\include</Filter>
    </ClInclude>
    <ClInclude Include="..\..\engine\core\include\K15_ApplicationModuleDescription.h">
      <Filter>core\include</Filter>
    </ClInclude>
    <ClInclude Include="..\..\engine\core\include\K15_ApplicationParameter.h">
      <Filter>core\include</Filter>
    </ClInclude>
    <ClInclude Include="..\..\engine\core\include\K15_BaseAllocator.h">
      <Filter>core\include</Filter>
    </ClInclude>
    <ClInclude Include="..\..\engine\core\include\K15_BlockAllocator.h">
      <Filter>core\include</Filter>
    </ClInclude>
    <ClInclude Include="..\..\engine\core\include\K15_ColorRGBA.h">
      <Filter>core\include</Filter>
    </ClInclude>
    <ClInclude Include="..\..\engine\core\include\K15_DynamicLibraryBase.h">
      <Filter>core\include</Filter>
    </ClInclude>
    <ClInclude Include="..\..\engine\core\include\K15_DynamicLibraryManager.h">
      <Filter>core\include</Filter>
    </ClInclude>
    <ClInclude Include="..\..\engine\core\include\K15_EnumStrings.h">
      <Filter>core\include</Filter>
    </ClInclude>
    <ClInclude Include="..\..\engine\core\include\K15_EventHandler.h">
      <Filter>core\include</Filter>
    </ClInclude>
    <ClInclude Include="..\..\engine\core\include\K15_EventManager.h">
      <Filter>core\include</Filter>
    </ClInclude>
    <ClInclude Include="..\..\engine\core\include\K15_EventTask.h">
      <Filter>core\include</Filter>
    </ClInclude>
    <ClInclude Include="..\..\engine\core\include\K15_Font.h">
      <Filter>core\include</Filter>
    </ClInclude>
    <ClInclude Include="..\..\engine\core\include\K15_FrameStatistic.h">
      <Filter>core\include</Filter>
    </ClInclude>
    <ClInclude Include="..\..\engine\core\include\K15_Frustum.h">
      <Filter>core\include</Filter>
    </ClInclude>
    <ClInclude Include="..\..\engine\core\include\K15_GameEvent.h">
      <Filter>core\include</Filter>
    </ClInclude>
    <ClInclude Include="..\..\engine\core\include\K15_GameObject.h">
      <Filter>core\include</Filter>
    </ClInclude>
    <ClInclude Include="..\..\engine\core\include\K15_GameObjectComponentBase.h">
      <Filter>core\include</Filter>
    </ClInclude>
    <ClInclude Include="..\..\engine\core\include\K15_GameStateBase.h">
      <Filter>core\include</Filter>
    </ClInclude>
    <ClInclude Include="..\..\engine\core\include\K15_GameTime.h">
      <Filter>core\include</Filter>
    </ClInclude>
    <ClInclude Include="..\..\engine\core\include\K15_HashedString.h">
      <Filter>core\include</Filter>
    </ClInclude>
    <ClInclude Include="..\..\engine\core\include\K15_Image.h">
      <Filter>core\include</Filter>
    </ClInclude>
    <ClInclude Include="..\..\engine\core\include\K15_IniFileParser.h">
      <Filter>core\include</Filter>
    </ClInclude>
    <ClInclude Include="..\..\engine\core\include\K15_InputManager.h">
      <Filter>core\include</Filter>
    </ClInclude>
    <ClInclude Include="..\..\engine\core\include\K15_InputTriggerBase.h">
      <Filter>core\include</Filter>
    </ClInclude>
    <ClInclude Include="..\..\engine\core\include\K15_IOUtil.h">
      <Filter>core\include</Filter>
    </ClInclude>
    <ClInclude Include="..\..\engine\core\include\K15_JobBase.h">
      <Filter>core\include</Filter>
    </ClInclude>
    <ClInclude Include="..\..\engine\core\include\K15_Keyboard.h">
      <Filter>core\include</Filter>
    </ClInclude>
    <ClInclude Include="..\..\engine\core\include\K15_Language.h">
      <Filter>core\include</Filter>
    </ClInclude>
    <ClInclude Include="..\..\engine\core\include\K15_LogBase.h">
      <Filter>core\include</Filter>
    </ClInclude>
    <ClInclude Include="..\..\engine\core\include\K15_LogManager.h">
      <Filter>core\include</Filter>
    </ClInclude>
    <ClInclude Include="..\..\engine\core\include\K15_MatrixUtil.h">
      <Filter>core\include</Filter>
    </ClInclude>
    <ClInclude Include="..\..\engine\core\include\K15_MemoryBlock.h">
      <Filter>core\include</Filter>
    </ClInclude>
    <ClInclude Include="..\..\engine\core\include\K15_MemoryHeader.h">
      <Filter>core\include</Filter>
    </ClInclude>
    <ClInclude Include="..\..\engine\core\include\K15_MemoryProfilingTask.h">
      <Filter>core\include</Filter>
    </ClInclude>
    <ClInclude Include="..\..\engine\core\include\K15_Mouse.h">
      <Filter>core\include</Filter>
    </ClInclude>
    <ClInclude Include="..\..\engine\core\include\K15_NetworkManager.h">
      <Filter>core\include</Filter>
    </ClInclude>
    <ClInclude Include="..\..\engine\core\include\K15_Node.h">
      <Filter>core\include</Filter>
    </ClInclude>
    <ClInclude Include="..\..\engine\core\include\K15_Object.h">
      <Filter>core\include</Filter>
    </ClInclude>
    <ClInclude Include="..\..\engine\core\include\K15_PhysicsProcessBase.h">
      <Filter>core\include</Filter>
    </ClInclude>
    <ClInclude Include="..\..\engine\core\include\K15_PhysicsTask.h">
      <Filter>core\include</Filter>
    </ClInclude>
    <ClInclude Include="..\..\engine\core\include\K15_PoolAllocator.h">
      <Filter>core\include</Filter>
    </ClInclude>
    <ClInclude Include="..\..\engine\core\include\K15_PrecompiledHeader.h">
      <Filter>core\include</Filter>
    </ClInclude>
    <ClInclude Include="..\..\engine\core\include\K15_Prerequisites.h">
      <Filter>core\include</Filter>
    </ClInclude>
    <ClInclude Include="..\..\engine\core\include\K15_ProfilingManager.h">
      <Filter>core\include</Filter>
    </ClInclude>
    <ClInclude Include="..\..\engine\core\include\K15_ProfilingNode.h">
      <Filter>core\include</Filter>
    </ClInclude>
    <ClInclude Include="..\..\engine\core\include\K15_RawData.h">
      <Filter>core\include</Filter>
    </ClInclude>
    <ClInclude Include="..\..\engine\core\include\K15_Rtti.h">
      <Filter>core\include</Filter>
    </ClInclude>
    <ClInclude Include="..\..\engine\core\include\K15_Singleton.h">
      <Filter>core\include</Filter>
    </ClInclude>
    <ClInclude Include="..\..\engine\core\include\K15_StackAllocator.h">
      <Filter>core\include</Filter>
    </ClInclude>
    <ClInclude Include="..\..\engine\core\include\K15_StringUtil.h">
      <Filter>core\include</Filter>
    </ClInclude>
    <ClInclude Include="..\..\engine\core\include\K15_TaskBase.h">
      <Filter>core\include</Filter>
    </ClInclude>
    <ClInclude Include="..\..\engine\core\include\K15_TaskManager.h">
      <Filter>core\include</Filter>
    </ClInclude>
    <ClInclude Include="..\..\engine\core\include\K15_ThreadSafe.h">
      <Filter>core\include</Filter>
    </ClInclude>
    <ClInclude Include="..\..\engine\core\include\K15_ThreadWorker.h">
      <Filter>core\include</Filter>
    </ClInclude>
    <ClInclude Include="..\..\engine\core\include\win32\K15_DynamicLibrary_Win32.h">
      <Filter>core\include\win32</Filter>
    </ClInclude>
    <ClInclude Include="..\..\engine\core\include\win32\K15_OSLayer_Win32.h">
      <Filter>core\include\win32</Filter>
    </ClInclude>
    <ClInclude Include="..\..\engine\core\include\win32\K15_RenderWindow_Win32.h">
      <Filter>core\include\win32</Filter>
    </ClInclude>
    <ClInclude Include="..\..\engine\core\include\win32\K15_TextConsoleLog_Win32.h">
      <Filter>core\include\win32</Filter>
    </ClInclude>
    <ClInclude Include="..\..\engine\core\include\win32\K15_VisualStudioLog_Win32.h">
      <Filter>core\include\win32</Filter>
    </ClInclude>
    <ClInclude Include="..\..\engine\core\include\linux\K15_DynamicLibrary_Linux.h">
      <Filter>core\include\linux</Filter>
    </ClInclude>
    <ClInclude Include="..\..\engine\core\include\android\K15_Logcat_Android.h">
      <Filter>core\include\android</Filter>
    </ClInclude>
    <ClInclude Include="..\..\engine\core\include\android\K15_OSLayer_Android.h">
      <Filter>core\include\android</Filter>
    </ClInclude>
    <ClInclude Include="..\..\engine\core\include\android\K15_RenderWindow_Android.h">
      <Filter>core\include\android</Filter>
    </ClInclude>
    <ClInclude Include="..\..\engine\components\include\K15_CameraComponent.h">
      <Filter>components\include</Filter>
    </ClInclude>
    <ClInclude Include="..\..\engine\components\include\K15_LightComponent.h">
      <Filter>components\include</Filter>
    </ClInclude>
    <ClInclude Include="..\..\engine\components\include\K15_ModelComponent.h">
      <Filter>components\include</Filter>
    </ClInclude>
    <ClInclude Include="..\..\engine\components\include\K15_NodeComponent.h">
      <Filter>components\include</Filter>
    </ClInclude>
    <ClInclude Include="..\..\engine\serialization\include\K15_JsonSerializer.h">
      <Filter>serialization\include</Filter>
    </ClInclude>
    <ClInclude Include="..\..\engine\serialization\include\K15_Serialization.h">
      <Filter>serialization\include</Filter>
    </ClInclude>
    <ClInclude Include="..\..\engine\serialization\include\K15_Serializer.h">
      <Filter>serialization\include</Filter>
    </ClInclude>
    <ClInclude Include="..\..\engine\serialization\include\K15_SerializerBase.h">
      <Filter>serialization\include</Filter>
    </ClInclude>
    <ClInclude Include="..\..\engine\serialization\include\K15_SerialReader.h">
      <Filter>serialization\include</Filter>
    </ClInclude>
    <ClInclude Include="..\..\engine\serialization\include\K15_SerialSizer.h">
      <Filter>serialization\include</Filter>
    </ClInclude>
    <ClInclude Include="..\..\engine\serialization\include\K15_SerialWriter.h">
      <Filter>serialization\include</Filter>
    </ClInclude>
    <ClInclude Include="..\..\engine\resource_system\include\K15_ResourceArchiveBase.h">
      <Filter>resource_system\include</Filter>
    </ClInclude>
    <ClInclude Include="..\..\engine\resource_system\include\K15_ResourceArchiveZip.h">
      <Filter>resource_system\include</Filter>
    </ClInclude>
    <ClInclude Include="..\..\engine\resource_system\include\K15_ResourceBase.h">
      <Filter>resource_system\include</Filter>
    </ClInclude>
    <ClInclude Include="..\..\engine\resource_system\include\K15_ResourceHandle.h">
      <Filter>resource_system\include</Filter>
    </ClInclude>
    <ClInclude Include="..\..\engine\resource_system\include\K15_ResourceImporterBase.h">
      <Filter>resource_system\include</Filter>
    </ClInclude>
    <ClInclude Include="..\..\engine\resource_system\include\K15_ResourceImporterBitmap.h">
      <Filter>resource_system\include</Filter>
    </ClInclude>
    <ClInclude Include="..\..\engine\resource_system\include\K15_ResourceImporterFont.h">
      <Filter>resource_system\include</Filter>
    </ClInclude>
    <ClInclude Include="..\..\engine\resource_system\include\K15_ResourceImporterMaterial.h">
      <Filter>resource_system\include</Filter>
    </ClInclude>
    <ClInclude Include="..\..\engine\resource_system\include\K15_ResourceImporterObj.h">
      <Filter>resource_system\include</Filter>
    </ClInclude>
    <ClInclude Include="..\..\engine\resource_system\include\K15_ResourceImporterTiff.h">
      <Filter>resource_system\include</Filter>
    </ClInclude>
    <ClInclude Include="..\..\engine\resource_system\include\K15_ResourceManager.h">
      <Filter>resource_system\include</Filter>
    </ClInclude>
    <ClInclude Include="..\..\engine\resource_system\include\android\K15_ResourceArchive_Android.h">
      <Filter>resource_system\include\android</Filter>
    </ClInclude>
    <ClInclude Include="..\..\engine\rendering\include\K15_AlphaState.h">
      <Filter>rendering\include</Filter>
    </ClInclude>
    <ClInclude Include="..\..\engine\rendering\include\K15_DepthState.h">
      <Filter>rendering\include</Filter>
    </ClInclude>
    <ClInclude Include="..\..\engine\rendering\include\K15_GpuBuffer.h">
      <Filter>rendering\include</Filter>
    </ClInclude>
    <ClInclude Include="..\..\engine\rendering\include\K15_GpuProgram.h">
      <Filter>rendering\include</Filter>
    </ClInclude>
    <ClInclude Include="..\..\engine\rendering\include\K15_GpuProgramBatch.h">
      <Filter>rendering\include</Filter>
    </ClInclude>
    <ClInclude Include="..\..\engine\rendering\include\K15_GpuProgramCatalog.h">
      <Filter>rendering\include</Filter>
    </ClInclude>
    <ClInclude Include="..\..\engine\rendering\include\K15_GpuProgramParameter.h">
      <Filter>rendering\include</Filter>
    </ClInclude>
    <ClInclude Include="..\..\engine\rendering\include\K15_IndexBuffer.h">
      <Filter>rendering\include</Filter>
    </ClInclude>
    <ClInclude Include="..\..\engine\rendering\include\K15_Light.h">
      <Filter>rendering\include</Filter>
    </ClInclude>
    <ClInclude Include="..\..\engine\rendering\include\K15_Material.h">
      <Filter>rendering\include</Filter>
    </ClInclude>
    <ClInclude Include="..\..\engine\rendering\include\K15_MaterialData.h">
      <Filter>rendering\include</Filter>
    </ClInclude>
    <ClInclude Include="..\..\engine\rendering\include\K15_Mesh.h">
      <Filter>rendering\include</Filter>
    </ClInclude>
    <ClInclude Include="..\..\engine\rendering\include\K15_Model.h">
      <Filter>rendering\include</Filter>
    </ClInclude>
    <ClInclude Include="..\..\engine\rendering\include\K15_RendererBase.h">
      <Filter>rendering\include</Filter>
    </ClInclude>
    <ClInclude Include="..\..\engine\rendering\include\K15_RenderOperation.h">
      <Filter>rendering\include</Filter>
    </ClInclude>
    <ClInclude Include="..\..\engine\rendering\include\K15_RenderProcessBase.h">
      <Filter>rendering\include</Filter>
    </ClInclude>
    <ClInclude Include="..\..\engine\rendering\include\K15_RenderQueue.h">
      <Filter>rendering\include</Filter>
    </ClInclude>
    <ClInclude Include="..\..\engine\rendering\include\K15_RenderTask.h">
      <Filter>rendering\include</Filter>
    </ClInclude>
    <ClInclude Include="..\..\engine\rendering\include\K15_SceneGraph.h">
      <Filter>rendering\include</Filter>
    </ClInclude>
    <ClInclude Include="..\..\engine\rendering\include\K15_SubMesh.h">
      <Filter>rendering\include</Filter>
    </ClInclude>
    <ClInclude Include="..\..\engine\rendering\include\K15_Texture.h">
      <Filter>rendering\include</Filter>
    </ClInclude>
    <ClInclude Include="..\..\engine\rendering\include\K15_TextureSampler.h">
      <Filter>rendering\include</Filter>
    </ClInclude>
    <ClInclude Include="..\..\engine\rendering\include\K15_Vertex.h">
      <Filter>rendering\include</Filter>
    </ClInclude>
    <ClInclude Include="..\..\engine\rendering\include\K15_VertexBuffer.h">
      <Filter>rendering\include</Filter>
    </ClInclude>
    <ClInclude Include="..\..\engine\rendering\include\K15_VertexBufferCache.h">
      <Filter>rendering\include</Filter>
    </ClInclude>
    <ClInclude Include="..\..\engine\rendering\include\K15_VertexDeclaration.h">
      <Filter>rendering\include</Filter>
    </ClInclude>
    <ClInclude Include="..\..\engine\core\include\K15_RenderWindow.h">
      <Filter>core\include</Filter>
    </ClInclude>
    <ClInclude Include="..\..\engine\core\include\K15_Functor.h">
      <Filter>core\include</Filter>
    </ClInclude>
  </ItemGroup>
  <ItemGroup>
    <ClCompile Include="..\..\engine\core\src\K15_AABB.cpp">
      <Filter>core\src</Filter>
    </ClCompile>
    <ClCompile Include="..\..\engine\core\src\K15_AllocatedObject.cpp">
      <Filter>core\src</Filter>
    </ClCompile>
    <ClCompile Include="..\..\engine\core\src\K15_Application.cpp">
      <Filter>core\src</Filter>
    </ClCompile>
    <ClCompile Include="..\..\engine\core\src\K15_ApplicationModule.cpp">
      <Filter>core\src</Filter>
    </ClCompile>
    <ClCompile Include="..\..\engine\core\src\K15_BaseAllocator.cpp">
      <Filter>core\src</Filter>
    </ClCompile>
    <ClCompile Include="..\..\engine\core\src\K15_BlockAllocator.cpp">
      <Filter>core\src</Filter>
    </ClCompile>
    <ClCompile Include="..\..\engine\core\src\K15_ColorRGBA.cpp">
      <Filter>core\src</Filter>
    </ClCompile>
    <ClCompile Include="..\..\engine\core\src\K15_DynamicLibraryBase.cpp">
      <Filter>core\src</Filter>
    </ClCompile>
    <ClCompile Include="..\..\engine\core\src\K15_DynamicLibraryManager.cpp">
      <Filter>core\src</Filter>
    </ClCompile>
    <ClCompile Include="..\..\engine\core\src\K15_EventHandler.cpp">
      <Filter>core\src</Filter>
    </ClCompile>
    <ClCompile Include="..\..\engine\core\src\K15_EventManager.cpp">
      <Filter>core\src</Filter>
    </ClCompile>
    <ClCompile Include="..\..\engine\core\src\K15_EventTask.cpp">
      <Filter>core\src</Filter>
    </ClCompile>
    <ClCompile Include="..\..\engine\core\src\K15_Font.cpp">
      <Filter>core\src</Filter>
    </ClCompile>
    <ClCompile Include="..\..\engine\core\src\K15_Frustum.cpp">
      <Filter>core\src</Filter>
    </ClCompile>
    <ClCompile Include="..\..\engine\core\src\K15_GameEvent.cpp">
      <Filter>core\src</Filter>
    </ClCompile>
    <ClCompile Include="..\..\engine\core\src\K15_GameObject.cpp">
      <Filter>core\src</Filter>
    </ClCompile>
    <ClCompile Include="..\..\engine\core\src\K15_GameObjectComponentBase.cpp">
      <Filter>core\src</Filter>
    </ClCompile>
    <ClCompile Include="..\..\engine\core\src\K15_GameStateBase.cpp">
      <Filter>core\src</Filter>
    </ClCompile>
    <ClCompile Include="..\..\engine\core\src\K15_GameTime.cpp">
      <Filter>core\src</Filter>
    </ClCompile>
    <ClCompile Include="..\..\engine\core\src\K15_HashedString.cpp">
      <Filter>core\src</Filter>
    </ClCompile>
    <ClCompile Include="..\..\engine\core\src\K15_Image.cpp">
      <Filter>core\src</Filter>
    </ClCompile>
    <ClCompile Include="..\..\engine\core\src\K15_IniFileParser.cpp">
      <Filter>core\src</Filter>
    </ClCompile>
    <ClCompile Include="..\..\engine\core\src\K15_InputManager.cpp">
      <Filter>core\src</Filter>
    </ClCompile>
    <ClCompile Include="..\..\engine\core\src\K15_IOUtil.cpp">
      <Filter>core\src</Filter>
    </ClCompile>
    <ClCompile Include="..\..\engine\core\src\K15_JobBase.cpp">
      <Filter>core\src</Filter>
    </ClCompile>
    <ClCompile Include="..\..\engine\core\src\K15_Keyboard.cpp">
      <Filter>core\src</Filter>
    </ClCompile>
    <ClCompile Include="..\..\engine\core\src\K15_Language.cpp">
      <Filter>core\src</Filter>
    </ClCompile>
    <ClCompile Include="..\..\engine\core\src\K15_LogBase.cpp">
      <Filter>core\src</Filter>
    </ClCompile>
    <ClCompile Include="..\..\engine\core\src\K15_LogManager.cpp">
      <Filter>core\src</Filter>
    </ClCompile>
    <ClCompile Include="..\..\engine\core\src\K15_MatrixUtil.cpp">
      <Filter>core\src</Filter>
    </ClCompile>
    <ClCompile Include="..\..\engine\core\src\K15_MemoryBlock.cpp">
      <Filter>core\src</Filter>
    </ClCompile>
    <ClCompile Include="..\..\engine\core\src\K15_MemoryProfilingTask.cpp">
      <Filter>core\src</Filter>
    </ClCompile>
    <ClCompile Include="..\..\engine\core\src\K15_Mouse.cpp">
      <Filter>core\src</Filter>
    </ClCompile>
    <ClCompile Include="..\..\engine\core\src\K15_NetworkManager.cpp">
      <Filter>core\src</Filter>
    </ClCompile>
    <ClCompile Include="..\..\engine\core\src\K15_Node.cpp">
      <Filter>core\src</Filter>
    </ClCompile>
    <ClCompile Include="..\..\engine\core\src\K15_Object.cpp">
      <Filter>core\src</Filter>
    </ClCompile>
    <ClCompile Include="..\..\engine\core\src\K15_PhysicsTask.cpp">
      <Filter>core\src</Filter>
    </ClCompile>
    <ClCompile Include="..\..\engine\core\src\K15_PrecompiledHeader.cpp">
      <Filter>core\src</Filter>
    </ClCompile>
    <ClCompile Include="..\..\engine\core\src\K15_ProfilingManager.cpp">
      <Filter>core\src</Filter>
    </ClCompile>
    <ClCompile Include="..\..\engine\core\src\K15_ProfilingNode.cpp">
      <Filter>core\src</Filter>
    </ClCompile>
    <ClCompile Include="..\..\engine\core\src\K15_RawData.cpp">
      <Filter>core\src</Filter>
    </ClCompile>
    <ClCompile Include="..\..\engine\core\src\K15_Rtti.cpp">
      <Filter>core\src</Filter>
    </ClCompile>
    <ClCompile Include="..\..\engine\core\src\K15_StackAllocator.cpp">
      <Filter>core\src</Filter>
    </ClCompile>
    <ClCompile Include="..\..\engine\core\src\K15_StringUtil.cpp">
      <Filter>core\src</Filter>
    </ClCompile>
    <ClCompile Include="..\..\engine\core\src\K15_TaskBase.cpp">
      <Filter>core\src</Filter>
    </ClCompile>
    <ClCompile Include="..\..\engine\core\src\K15_TaskManager.cpp">
      <Filter>core\src</Filter>
    </ClCompile>
    <ClCompile Include="..\..\engine\core\src\K15_ThreadSafe.cpp">
      <Filter>core\src</Filter>
    </ClCompile>
    <ClCompile Include="..\..\engine\core\src\K15_ThreadWorker.cpp">
      <Filter>core\src</Filter>
    </ClCompile>
    <ClCompile Include="..\..\engine\core\src\win32\K15_DynamicLibrary_win32.cpp">
      <Filter>core\src\win32</Filter>
    </ClCompile>
    <ClCompile Include="..\..\engine\core\src\win32\K15_Keyboard_Win32.cpp">
      <Filter>core\src\win32</Filter>
    </ClCompile>
    <ClCompile Include="..\..\engine\core\src\win32\K15_Mouse_Win32.cpp">
      <Filter>core\src\win32</Filter>
    </ClCompile>
    <ClCompile Include="..\..\engine\core\src\win32\K15_OSLayer_Win32.cpp">
      <Filter>core\src\win32</Filter>
    </ClCompile>
    <ClCompile Include="..\..\engine\core\src\win32\K15_RenderWindow_Win32.cpp">
      <Filter>core\src\win32</Filter>
    </ClCompile>
    <ClCompile Include="..\..\engine\core\src\win32\K15_TextConsoleLog_Win32.cpp">
      <Filter>core\src\win32</Filter>
    </ClCompile>
    <ClCompile Include="..\..\engine\core\src\win32\K15_VisualStudioLog_Win32.cpp">
      <Filter>core\src\win32</Filter>
    </ClCompile>
    <ClCompile Include="..\..\engine\core\src\linux\K15_DynamicLibrary_Linux.cpp">
      <Filter>core\src\linux</Filter>
    </ClCompile>
    <ClCompile Include="..\..\engine\core\src\android\K15_Keyboard_Android.cpp">
      <Filter>core\src\android</Filter>
    </ClCompile>
    <ClCompile Include="..\..\engine\core\src\android\K15_Logcat_Android.cpp">
      <Filter>core\src\android</Filter>
    </ClCompile>
    <ClCompile Include="..\..\engine\core\src\android\K15_Mouse_Android.cpp">
      <Filter>core\src\android</Filter>
    </ClCompile>
    <ClCompile Include="..\..\engine\core\src\android\K15_OSLayer_Android.cpp">
      <Filter>core\src\android</Filter>
    </ClCompile>
    <ClCompile Include="..\..\engine\core\src\android\K15_RenderWindow_Android.cpp">
      <Filter>core\src\android</Filter>
    </ClCompile>
    <ClCompile Include="..\..\engine\components\src\K15_CameraComponent.cpp">
      <Filter>components\src</Filter>
    </ClCompile>
    <ClCompile Include="..\..\engine\components\src\K15_LightComponent.cpp">
      <Filter>components\src</Filter>
    </ClCompile>
    <ClCompile Include="..\..\engine\components\src\K15_ModelComponent.cpp">
      <Filter>components\src</Filter>
    </ClCompile>
    <ClCompile Include="..\..\engine\components\src\K15_NodeComponent.cpp">
      <Filter>components\src</Filter>
    </ClCompile>
    <ClCompile Include="..\..\engine\serialization\src\K15_JsonSerializer.cpp">
      <Filter>serialization\src</Filter>
    </ClCompile>
    <ClCompile Include="..\..\engine\serialization\src\K15_Serializer.cpp">
      <Filter>serialization\src</Filter>
    </ClCompile>
    <ClCompile Include="..\..\engine\serialization\src\K15_SerializerBase.cpp">
      <Filter>serialization\src</Filter>
    </ClCompile>
    <ClCompile Include="..\..\engine\serialization\src\K15_SerialReader.cpp">
      <Filter>serialization\src</Filter>
    </ClCompile>
    <ClCompile Include="..\..\engine\serialization\src\K15_SerialSizer.cpp">
      <Filter>serialization\src</Filter>
    </ClCompile>
    <ClCompile Include="..\..\engine\serialization\src\K15_SerialWriter.cpp">
      <Filter>serialization\src</Filter>
    </ClCompile>
    <ClCompile Include="..\..\engine\resource_system\src\K15_ResourceArchiveBase.cpp">
      <Filter>resource_system\src</Filter>
    </ClCompile>
    <ClCompile Include="..\..\engine\resource_system\src\K15_ResourceArchiveZip.cpp">
      <Filter>resource_system\src</Filter>
    </ClCompile>
    <ClCompile Include="..\..\engine\resource_system\src\K15_ResourceBase.cpp">
      <Filter>resource_system\src</Filter>
    </ClCompile>
    <ClCompile Include="..\..\engine\resource_system\src\K15_ResourceImporterBase.cpp">
      <Filter>resource_system\src</Filter>
    </ClCompile>
    <ClCompile Include="..\..\engine\resource_system\src\K15_ResourceImporterBitmap.cpp">
      <Filter>resource_system\src</Filter>
    </ClCompile>
    <ClCompile Include="..\..\engine\resource_system\src\K15_ResourceImporterFont.cpp">
      <Filter>resource_system\src</Filter>
    </ClCompile>
    <ClCompile Include="..\..\engine\resource_system\src\K15_ResourceImporterMaterial.cpp">
      <Filter>resource_system\src</Filter>
    </ClCompile>
    <ClCompile Include="..\..\engine\resource_system\src\K15_ResourceImporterObj.cpp">
      <Filter>resource_system\src</Filter>
    </ClCompile>
    <ClCompile Include="..\..\engine\resource_system\src\K15_ResourceImporterTiff.cpp">
      <Filter>resource_system\src</Filter>
    </ClCompile>
    <ClCompile Include="..\..\engine\resource_system\src\K15_ResourceManager.cpp">
      <Filter>resource_system\src</Filter>
    </ClCompile>
    <ClCompile Include="..\..\engine\resource_system\src\android\K15_ResourceArchive_Android.cpp">
      <Filter>resource_system\src\android</Filter>
    </ClCompile>
    <ClCompile Include="..\..\engine\rendering\src\K15_AlphaState.cpp">
      <Filter>rendering\src</Filter>
    </ClCompile>
    <ClCompile Include="..\..\engine\rendering\src\K15_DepthState.cpp">
      <Filter>rendering\src</Filter>
    </ClCompile>
    <ClCompile Include="..\..\engine\rendering\src\K15_GpuBuffer.cpp">
      <Filter>rendering\src</Filter>
    </ClCompile>
    <ClCompile Include="..\..\engine\rendering\src\K15_GpuProgram.cpp">
      <Filter>rendering\src</Filter>
    </ClCompile>
    <ClCompile Include="..\..\engine\rendering\src\K15_GpuProgramBatch.cpp">
      <Filter>rendering\src</Filter>
    </ClCompile>
    <ClCompile Include="..\..\engine\rendering\src\K15_GpuProgramCatalog.cpp">
      <Filter>rendering\src</Filter>
    </ClCompile>
    <ClCompile Include="..\..\engine\rendering\src\K15_GpuProgramParameter.cpp">
      <Filter>rendering\src</Filter>
    </ClCompile>
    <ClCompile Include="..\..\engine\rendering\src\K15_IndexBuffer.cpp">
      <Filter>rendering\src</Filter>
    </ClCompile>
    <ClCompile Include="..\..\engine\rendering\src\K15_Material.cpp">
      <Filter>rendering\src</Filter>
    </ClCompile>
    <ClCompile Include="..\..\engine\rendering\src\K15_MaterialData.cpp">
      <Filter>rendering\src</Filter>
    </ClCompile>
    <ClCompile Include="..\..\engine\rendering\src\K15_Mesh.cpp">
      <Filter>rendering\src</Filter>
    </ClCompile>
    <ClCompile Include="..\..\engine\rendering\src\K15_Model.cpp">
      <Filter>rendering\src</Filter>
    </ClCompile>
    <ClCompile Include="..\..\engine\rendering\src\K15_RendererBase.cpp">
      <Filter>rendering\src</Filter>
    </ClCompile>
    <ClCompile Include="..\..\engine\rendering\src\K15_RenderProcessBase.cpp">
      <Filter>rendering\src</Filter>
    </ClCompile>
    <ClCompile Include="..\..\engine\rendering\src\K15_RenderQueue.cpp">
      <Filter>rendering\src</Filter>
    </ClCompile>
    <ClCompile Include="..\..\engine\rendering\src\K15_RenderTask.cpp">
      <Filter>rendering\src</Filter>
    </ClCompile>
    <ClCompile Include="..\..\engine\rendering\src\K15_SceneGraph.cpp">
      <Filter>rendering\src</Filter>
    </ClCompile>
    <ClCompile Include="..\..\engine\rendering\src\K15_SubMesh.cpp">
      <Filter>rendering\src</Filter>
    </ClCompile>
    <ClCompile Include="..\..\engine\rendering\src\K15_Texture.cpp">
      <Filter>rendering\src</Filter>
    </ClCompile>
    <ClCompile Include="..\..\engine\rendering\src\K15_TextureSampler.cpp">
      <Filter>rendering\src</Filter>
    </ClCompile>
    <ClCompile Include="..\..\engine\rendering\src\K15_Vertex.cpp">
      <Filter>rendering\src</Filter>
    </ClCompile>
    <ClCompile Include="..\..\engine\rendering\src\K15_VertexBuffer.cpp">
      <Filter>rendering\src</Filter>
    </ClCompile>
    <ClCompile Include="..\..\engine\rendering\src\K15_VertexDeclaration.cpp">
      <Filter>rendering\src</Filter>
    </ClCompile>
    <ClCompile Include="..\..\engine\core\src\K15_RenderWindow.cpp">
      <Filter>core\src</Filter>
    </ClCompile>
  </ItemGroup>
</Project>