<?xml version="1.0" encoding="utf-8"?>
<Project ToolsVersion="4.0" xmlns="http://schemas.microsoft.com/developer/msbuild/2003">
  <ItemGroup>
    <Filter Include="Container">
      <UniqueIdentifier>{f2372f64-8b28-4f94-9338-4cc78f814f90}</UniqueIdentifier>
    </Filter>
    <Filter Include="Core">
      <UniqueIdentifier>{34f27cf8-d909-432d-b985-baff45966719}</UniqueIdentifier>
    </Filter>
    <Filter Include="Core\include">
      <UniqueIdentifier>{73e43696-e2c2-4055-b0cf-58332410d3ff}</UniqueIdentifier>
    </Filter>
    <Filter Include="Core\src">
      <UniqueIdentifier>{f93524a9-4f7e-4850-a42e-f312df99f87c}</UniqueIdentifier>
    </Filter>
    <Filter Include="Core\src\Win32">
      <UniqueIdentifier>{cfc0ad04-e358-4322-8343-f1fb8b4ce8a3}</UniqueIdentifier>
    </Filter>
    <Filter Include="Core\include\Win32">
      <UniqueIdentifier>{2040d5bf-3a4f-4f16-ae25-ec041bbbb5d4}</UniqueIdentifier>
    </Filter>
    <Filter Include="Container\include">
      <UniqueIdentifier>{37643047-d2ce-4c81-baa0-04529e81b6ed}</UniqueIdentifier>
    </Filter>
    <Filter Include="Components">
      <UniqueIdentifier>{f932cc30-eea5-46c2-a142-559e1a33dcdc}</UniqueIdentifier>
    </Filter>
    <Filter Include="Components\include">
      <UniqueIdentifier>{43d5c7ec-709d-4285-bebe-4a81546c1298}</UniqueIdentifier>
    </Filter>
    <Filter Include="Components\src">
      <UniqueIdentifier>{5e5c8d63-7902-4d58-8ac1-467015ed6222}</UniqueIdentifier>
    </Filter>
    <Filter Include="Rendering">
      <UniqueIdentifier>{dbb0a615-f811-4db2-8b5f-13e4190d9c65}</UniqueIdentifier>
    </Filter>
    <Filter Include="Rendering\include">
      <UniqueIdentifier>{ed64dc30-306c-4ac3-9e78-0f55b1cffe2b}</UniqueIdentifier>
    </Filter>
    <Filter Include="Rendering\src">
      <UniqueIdentifier>{bf393d50-6783-456e-ad0a-4641078d4c6d}</UniqueIdentifier>
    </Filter>
    <Filter Include="Serialization">
      <UniqueIdentifier>{98421085-9aae-4ebe-8922-b1c08ef3cd6a}</UniqueIdentifier>
    </Filter>
    <Filter Include="Serialization\include">
      <UniqueIdentifier>{4fa53327-f93f-429e-b5b7-e613f0f003c5}</UniqueIdentifier>
    </Filter>
    <Filter Include="Serialization\src">
      <UniqueIdentifier>{6c1747fa-fead-48bf-9834-da844fb9a7b2}</UniqueIdentifier>
    </Filter>
    <Filter Include="Core\src\Android">
      <UniqueIdentifier>{aadf9167-416f-4d1f-9e15-4396e1e7803c}</UniqueIdentifier>
    </Filter>
    <Filter Include="Core\include\Android">
      <UniqueIdentifier>{4855b077-1a12-4d0c-b781-9b0f33de4686}</UniqueIdentifier>
    </Filter>
    <Filter Include="Core\include\Linux">
      <UniqueIdentifier>{5f2ba257-14be-4934-af5f-f6451e5d4631}</UniqueIdentifier>
    </Filter>
    <Filter Include="Core\src\Linux">
      <UniqueIdentifier>{84b059c8-3133-4883-bfdb-a8b725dd3ef7}</UniqueIdentifier>
    </Filter>
    <Filter Include="ResourceSystem">
      <UniqueIdentifier>{6e1fc142-dd20-4f45-b045-6058c3df5972}</UniqueIdentifier>
    </Filter>
    <Filter Include="ResourceSystem\include">
      <UniqueIdentifier>{b3384ad2-155b-4042-9770-6e2162864943}</UniqueIdentifier>
    </Filter>
    <Filter Include="ResourceSystem\src">
      <UniqueIdentifier>{2447d01e-854e-4b12-84e7-4b35904908bc}</UniqueIdentifier>
    </Filter>
    <Filter Include="ResourceSystem\src\Android">
      <UniqueIdentifier>{79259c74-8750-4d16-9f9c-cc815263caf5}</UniqueIdentifier>
    </Filter>
    <Filter Include="ResourceSystem\include\Android">
      <UniqueIdentifier>{6bed82b0-e2d2-4681-8365-12a66de96884}</UniqueIdentifier>
    </Filter>
  </ItemGroup>
  <ItemGroup>
    <ClInclude Include="..\..\engine\include\K15_Application.h">
      <Filter>Core\include</Filter>
    </ClInclude>
    <ClInclude Include="..\..\engine\include\K15_ApplicationModule.h">
      <Filter>Core\include</Filter>
    </ClInclude>
    <ClInclude Include="..\..\engine\include\K15_ApplicationModuleDescription.h">
      <Filter>Core\include</Filter>
    </ClInclude>
    <ClInclude Include="..\..\engine\include\K15_ApplicationParameter.h">
      <Filter>Core\include</Filter>
    </ClInclude>
    <ClInclude Include="..\..\engine\include\K15_FrameStatistic.h">
      <Filter>Core\include</Filter>
    </ClInclude>
    <ClInclude Include="..\..\engine\include\K15_GameTime.h">
      <Filter>Core\include</Filter>
    </ClInclude>
    <ClInclude Include="..\..\engine\include\K15_MemberFunctor.h">
      <Filter>Core\include</Filter>
    </ClInclude>
    <ClInclude Include="..\..\engine\include\K15_PrecompiledHeader.h">
      <Filter>Core\include</Filter>
    </ClInclude>
    <ClInclude Include="..\..\engine\include\K15_Prerequisites.h">
      <Filter>Core\include</Filter>
    </ClInclude>
    <ClInclude Include="..\..\engine\include\K15_RenderWindowBase.h">
      <Filter>Core\include</Filter>
    </ClInclude>
    <ClInclude Include="..\..\engine\include\K15_Singleton.h">
      <Filter>Core\include</Filter>
    </ClInclude>
    <ClInclude Include="..\..\engine\include\K15_TaskBase.h">
      <Filter>Core\include</Filter>
    </ClInclude>
    <ClInclude Include="..\..\engine\include\K15_TaskManager.h">
      <Filter>Core\include</Filter>
    </ClInclude>
    <ClInclude Include="..\..\engine\include\win32\K15_ApplicationOSLayer_Win32.h">
      <Filter>Core\include\Win32</Filter>
    </ClInclude>
    <ClInclude Include="..\..\engine\include\win32\K15_RenderWindow_Win32.h">
      <Filter>Core\include\Win32</Filter>
    </ClInclude>
    <ClInclude Include="..\..\engine\include\K15_DynamicLibraryBase.h">
      <Filter>Core\include</Filter>
    </ClInclude>
    <ClInclude Include="..\..\engine\include\K15_DynamicLibraryManager.h">
      <Filter>Core\include</Filter>
    </ClInclude>
    <ClInclude Include="..\..\engine\include\win32\K15_DynamicLibrary_Win32.h">
      <Filter>Core\include\Win32</Filter>
    </ClInclude>
    <ClInclude Include="..\..\engine\include\K15_EventListener.h">
      <Filter>Core\include</Filter>
    </ClInclude>
    <ClInclude Include="..\..\engine\include\K15_EventManager.h">
      <Filter>Core\include</Filter>
    </ClInclude>
    <ClInclude Include="..\..\engine\include\K15_GameEvent.h">
      <Filter>Core\include</Filter>
    </ClInclude>
    <ClInclude Include="..\..\engine\include\K15_LogBase.h">
      <Filter>Core\include</Filter>
    </ClInclude>
    <ClInclude Include="..\..\engine\include\K15_LogManager.h">
      <Filter>Core\include</Filter>
    </ClInclude>
    <ClInclude Include="..\..\engine\include\K15_AllocatedObject.h">
      <Filter>Core\include</Filter>
    </ClInclude>
    <ClInclude Include="..\..\engine\include\K15_BaseAllocator.h">
      <Filter>Core\include</Filter>
    </ClInclude>
    <ClInclude Include="..\..\engine\include\K15_MemoryHeader.h">
      <Filter>Core\include</Filter>
    </ClInclude>
    <ClInclude Include="..\..\engine\include\K15_StackAllocator.h">
      <Filter>Core\include</Filter>
    </ClInclude>
    <ClInclude Include="..\..\engine\include\K15_Object.h">
      <Filter>Core\include</Filter>
    </ClInclude>
    <ClInclude Include="..\..\engine\include\K15_Pointer.h">
      <Filter>Core\include</Filter>
    </ClInclude>
    <ClInclude Include="..\..\engine\include\K15_Rtti.h">
      <Filter>Core\include</Filter>
    </ClInclude>
    <ClInclude Include="..\..\engine\include\K15_ProfilingNode.h">
      <Filter>Core\include</Filter>
    </ClInclude>
    <ClInclude Include="..\..\engine\include\K15_ProfilingManager.h">
      <Filter>Core\include</Filter>
    </ClInclude>
    <ClInclude Include="..\..\engine\include\K15_HashedString.h">
      <Filter>Core\include</Filter>
    </ClInclude>
    <ClInclude Include="..\..\engine\include\K15_StringUtil.h">
      <Filter>Core\include</Filter>
    </ClInclude>
    <ClInclude Include="..\..\engine\include\K15_DynamicArray.h">
      <Filter>Container\include</Filter>
    </ClInclude>
    <ClInclude Include="..\..\engine\include\K15_HashItem.h">
      <Filter>Container\include</Filter>
    </ClInclude>
    <ClInclude Include="..\..\engine\include\K15_HashMap.h">
      <Filter>Container\include</Filter>
    </ClInclude>
    <ClInclude Include="..\..\engine\include\K15_List.h">
      <Filter>Container\include</Filter>
    </ClInclude>
    <ClInclude Include="..\..\engine\include\K15_ListNode.h">
      <Filter>Container\include</Filter>
    </ClInclude>
    <ClInclude Include="..\..\engine\include\K15_NTree.h">
      <Filter>Container\include</Filter>
    </ClInclude>
    <ClInclude Include="..\..\engine\include\K15_NTreeNode.h">
      <Filter>Container\include</Filter>
    </ClInclude>
    <ClInclude Include="..\..\engine\include\K15_Stack.h">
      <Filter>Container\include</Filter>
    </ClInclude>
    <ClInclude Include="..\..\engine\include\K15_StackItem.h">
      <Filter>Container\include</Filter>
    </ClInclude>
    <ClInclude Include="..\..\engine\include\K15_PhysicsProcessBase.h">
      <Filter>Core\include</Filter>
    </ClInclude>
    <ClInclude Include="..\..\engine\include\K15_PhysicsTask.h">
      <Filter>Core\include</Filter>
    </ClInclude>
    <ClInclude Include="..\..\engine\include\K15_RenderProcessBase.h">
      <Filter>Core\include</Filter>
    </ClInclude>
    <ClInclude Include="..\..\engine\include\K15_RenderTask.h">
      <Filter>Core\include</Filter>
    </ClInclude>
    <ClInclude Include="..\..\engine\include\K15_GameObjectComponentBase.h">
      <Filter>Components\include</Filter>
    </ClInclude>
    <ClInclude Include="..\..\engine\include\K15_EventTask.h">
      <Filter>Core\include</Filter>
    </ClInclude>
    <ClInclude Include="..\..\engine\include\K15_Node.h">
      <Filter>Core\include</Filter>
    </ClInclude>
    <ClInclude Include="..\..\engine\include\K15_Mouse.h">
      <Filter>Core\include</Filter>
    </ClInclude>
    <ClInclude Include="..\..\engine\include\K15_InputManager.h">
      <Filter>Core\include</Filter>
    </ClInclude>
    <ClInclude Include="..\..\engine\include\K15_Keyboard.h">
      <Filter>Core\include</Filter>
    </ClInclude>
    <ClInclude Include="..\..\engine\include\K15_InputTriggerBase.h">
      <Filter>Core\include</Filter>
    </ClInclude>
    <ClInclude Include="..\..\engine\include\K15_BlockAllocator.h">
      <Filter>Core\include</Filter>
    </ClInclude>
    <ClInclude Include="..\..\engine\include\K15_PoolAllocator.h">
      <Filter>Core\include</Filter>
    </ClInclude>
    <ClInclude Include="..\..\engine\include\K15_MemoryProfilingTask.h">
      <Filter>Core\include</Filter>
    </ClInclude>
    <ClInclude Include="..\..\engine\include\K15_NetworkManager.h">
      <Filter>Core\include</Filter>
    </ClInclude>
    <ClInclude Include="..\..\engine\include\K15_IniFileParser.h">
      <Filter>Core\include</Filter>
    </ClInclude>
    <ClInclude Include="..\..\engine\include\K15_JobBase.h">
      <Filter>Core\include</Filter>
    </ClInclude>
    <ClInclude Include="..\..\engine\include\K15_ThreadWorker.h">
      <Filter>Core\include</Filter>
    </ClInclude>
    <ClInclude Include="..\..\engine\include\win32\K15_VisualStudioLog_Win32.h">
      <Filter>Core\include\Win32</Filter>
    </ClInclude>
    <ClInclude Include="..\..\engine\include\K15_MemoryBlock.h">
      <Filter>Core\include</Filter>
    </ClInclude>
    <ClInclude Include="..\..\engine\include\K15_MatrixUtil.h">
      <Filter>Core\include</Filter>
    </ClInclude>
    <ClInclude Include="..\..\engine\include\K15_GameObject.h">
      <Filter>Core\include</Filter>
    </ClInclude>
    <ClInclude Include="..\..\engine\include\K15_Serializer.h">
      <Filter>Core\include</Filter>
    </ClInclude>
    <ClInclude Include="..\..\engine\include\K15_ThreadSafe.h">
      <Filter>Core\include</Filter>
    </ClInclude>
    <ClInclude Include="..\..\engine\include\K15_AABB.h">
      <Filter>Rendering\include</Filter>
    </ClInclude>
    <ClInclude Include="..\..\engine\include\K15_AlphaState.h">
      <Filter>Rendering\include</Filter>
    </ClInclude>
    <ClInclude Include="..\..\engine\include\K15_ColorRGBA.h">
      <Filter>Rendering\include</Filter>
    </ClInclude>
    <ClInclude Include="..\..\engine\include\K15_DepthState.h">
      <Filter>Rendering\include</Filter>
    </ClInclude>
    <ClInclude Include="..\..\engine\include\K15_GpuBuffer.h">
      <Filter>Rendering\include</Filter>
    </ClInclude>
    <ClInclude Include="..\..\engine\include\K15_GpuProgram.h">
      <Filter>Rendering\include</Filter>
    </ClInclude>
    <ClInclude Include="..\..\engine\include\K15_IndexBuffer.h">
      <Filter>Rendering\include</Filter>
    </ClInclude>
    <ClInclude Include="..\..\engine\include\K15_Light.h">
      <Filter>Rendering\include</Filter>
    </ClInclude>
    <ClInclude Include="..\..\engine\include\K15_Material.h">
      <Filter>Rendering\include</Filter>
    </ClInclude>
    <ClInclude Include="..\..\engine\include\K15_Mesh.h">
      <Filter>Rendering\include</Filter>
    </ClInclude>
    <ClInclude Include="..\..\engine\include\K15_RendererBase.h">
      <Filter>Rendering\include</Filter>
    </ClInclude>
    <ClInclude Include="..\..\engine\include\K15_RenderOperation.h">
      <Filter>Rendering\include</Filter>
    </ClInclude>
    <ClInclude Include="..\..\engine\include\K15_RenderQueue.h">
      <Filter>Rendering\include</Filter>
    </ClInclude>
    <ClInclude Include="..\..\engine\include\K15_SubMesh.h">
      <Filter>Rendering\include</Filter>
    </ClInclude>
    <ClInclude Include="..\..\engine\include\K15_Texture.h">
      <Filter>Rendering\include</Filter>
    </ClInclude>
    <ClInclude Include="..\..\engine\include\K15_TextureSampler.h">
      <Filter>Rendering\include</Filter>
    </ClInclude>
    <ClInclude Include="..\..\engine\include\K15_VertexBuffer.h">
      <Filter>Rendering\include</Filter>
    </ClInclude>
    <ClInclude Include="..\..\engine\include\K15_VertexDeclaration.h">
      <Filter>Rendering\include</Filter>
    </ClInclude>
    <ClInclude Include="..\..\engine\include\K15_MaterialData.h">
      <Filter>Rendering\include</Filter>
    </ClInclude>
    <ClInclude Include="..\..\engine\include\K15_JsonSerializer.h">
      <Filter>Serialization\include</Filter>
    </ClInclude>
    <ClInclude Include="..\..\engine\include\K15_SerializerBase.h">
      <Filter>Serialization\include</Filter>
    </ClInclude>
    <ClInclude Include="..\..\engine\include\K15_SerialWriter.h">
      <Filter>Serialization\include</Filter>
    </ClInclude>
    <ClInclude Include="..\..\engine\include\K15_SerialReader.h">
      <Filter>Serialization\include</Filter>
    </ClInclude>
    <ClInclude Include="..\..\engine\include\K15_SerialSizer.h">
      <Filter>Serialization\include</Filter>
    </ClInclude>
    <ClInclude Include="..\..\engine\include\K15_Serialization.h">
      <Filter>Serialization\include</Filter>
    </ClInclude>
    <ClInclude Include="..\..\engine\include\K15_IOUtil.h">
      <Filter>Core\include</Filter>
    </ClInclude>
    <ClInclude Include="..\..\engine\include\K15_Vertex.h">
      <Filter>Rendering\include</Filter>
    </ClInclude>
    <ClInclude Include="..\..\engine\include\K15_GpuProgramParameter.h">
      <Filter>Rendering\include</Filter>
    </ClInclude>
    <ClInclude Include="..\..\engine\include\Android\K15_ApplicationLayerOS_Android.h">
      <Filter>Core\include\Android</Filter>
    </ClInclude>
    <ClInclude Include="..\..\engine\include\Android\K15_RenderWindow_Android.h">
      <Filter>Core\include\Android</Filter>
    </ClInclude>
    <ClInclude Include="..\..\engine\include\Linux\K15_DynamicLibrary_Linux.h">
      <Filter>Core\include\Linux</Filter>
    </ClInclude>
    <ClInclude Include="..\..\engine\include\K15_Language.h">
      <Filter>Core\include</Filter>
    </ClInclude>
    <ClInclude Include="..\..\engine\include\Win32\K15_TextConsoleLog_Win32.h">
      <Filter>Core\include\Win32</Filter>
    </ClInclude>
    <ClInclude Include="..\..\engine\include\Android\K15_Logcat_Android.h">
      <Filter>Core\include\Android</Filter>
    </ClInclude>
    <ClInclude Include="..\..\engine\include\K15_GpuProgramBatch.h">
      <Filter>Rendering\include</Filter>
    </ClInclude>
    <ClInclude Include="..\..\engine\include\K15_Image.h">
      <Filter>Core\include</Filter>
    </ClInclude>
    <ClInclude Include="..\..\engine\include\K15_ResourceBase.h">
      <Filter>ResourceSystem\include</Filter>
    </ClInclude>
    <ClInclude Include="..\..\engine\include\K15_ResourceHandle.h">
      <Filter>ResourceSystem\include</Filter>
    </ClInclude>
    <ClInclude Include="..\..\engine\include\K15_ResourceImporterBase.h">
      <Filter>ResourceSystem\include</Filter>
    </ClInclude>
    <ClInclude Include="..\..\engine\include\K15_ResourceImporterBitmap.h">
      <Filter>ResourceSystem\include</Filter>
    </ClInclude>
    <ClInclude Include="..\..\engine\include\K15_ResourceManager.h">
      <Filter>ResourceSystem\include</Filter>
    </ClInclude>
    <ClInclude Include="..\..\engine\include\K15_ResourceArchiveBase.h">
      <Filter>ResourceSystem\include</Filter>
    </ClInclude>
    <ClInclude Include="..\..\engine\include\K15_ModelComponent.h">
      <Filter>Components\include</Filter>
    </ClInclude>
    <ClInclude Include="..\..\engine\include\K15_CameraComponent.h">
      <Filter>Components\include</Filter>
    </ClInclude>
    <ClInclude Include="..\..\engine\include\K15_ResourceImporterObj.h">
      <Filter>ResourceSystem\include</Filter>
    </ClInclude>
    <ClInclude Include="..\..\engine\include\K15_ResourceImporterTiff.h">
      <Filter>ResourceSystem\include</Filter>
    </ClInclude>
    <ClInclude Include="..\..\engine\include\K15_ResourceArchiveZip.h">
      <Filter>ResourceSystem\include</Filter>
    </ClInclude>
    <ClInclude Include="..\..\engine\include\K15_ResourceImporterMaterial.h">
      <Filter>ResourceSystem\include</Filter>
    </ClInclude>
    <ClInclude Include="..\..\engine\include\K15_GameState.h">
      <Filter>Core\include</Filter>
    </ClInclude>
    <ClInclude Include="..\..\engine\include\Android\K15_ResourceArchiveAndroid.h">
      <Filter>ResourceSystem\include\Android</Filter>
    </ClInclude>
  </ItemGroup>
  <ItemGroup>
    <ClCompile Include="..\..\engine\src\K15_Application.cpp">
      <Filter>Core\src</Filter>
    </ClCompile>
    <ClCompile Include="..\..\engine\src\K15_GameTime.cpp">
      <Filter>Core\src</Filter>
    </ClCompile>
    <ClCompile Include="..\..\engine\src\K15_PrecompiledHeader.cpp">
      <Filter>Core\src</Filter>
    </ClCompile>
    <ClCompile Include="..\..\engine\src\K15_RenderWindowBase.cpp">
      <Filter>Core\src</Filter>
    </ClCompile>
    <ClCompile Include="..\..\engine\src\K15_TaskBase.cpp">
      <Filter>Core\src</Filter>
    </ClCompile>
    <ClCompile Include="..\..\engine\src\K15_TaskManager.cpp">
      <Filter>Core\src</Filter>
    </ClCompile>
    <ClCompile Include="..\..\engine\src\Win32\K15_ApplicationOSLayer_Win32.cpp">
      <Filter>Core\src\Win32</Filter>
    </ClCompile>
    <ClCompile Include="..\..\engine\src\win32\K15_RenderWindow_Win32.cpp">
      <Filter>Core\src\Win32</Filter>
    </ClCompile>
    <ClCompile Include="..\..\engine\src\K15_DynamicLibraryManager.cpp">
      <Filter>Core\src</Filter>
    </ClCompile>
    <ClCompile Include="..\..\engine\src\K15_DynamicLibraryBase.cpp">
      <Filter>Core\src</Filter>
    </ClCompile>
    <ClCompile Include="..\..\engine\src\Win32\K15_DynamicLibrary_Win32.cpp">
      <Filter>Core\src\Win32</Filter>
    </ClCompile>
    <ClCompile Include="..\..\engine\src\K15_EventManager.cpp">
      <Filter>Core\src</Filter>
    </ClCompile>
    <ClCompile Include="..\..\engine\src\K15_GameEvent.cpp">
      <Filter>Core\src</Filter>
    </ClCompile>
    <ClCompile Include="..\..\engine\src\K15_LogBase.cpp">
      <Filter>Core\src</Filter>
    </ClCompile>
    <ClCompile Include="..\..\engine\src\K15_LogManager.cpp">
      <Filter>Core\src</Filter>
    </ClCompile>
    <ClCompile Include="..\..\engine\src\K15_StackAllocator.cpp">
      <Filter>Core\src</Filter>
    </ClCompile>
    <ClCompile Include="..\..\engine\src\K15_BaseAllocator.cpp">
      <Filter>Core\src</Filter>
    </ClCompile>
    <ClCompile Include="..\..\engine\src\K15_Object.cpp">
      <Filter>Core\src</Filter>
    </ClCompile>
    <ClCompile Include="..\..\engine\src\K15_Rtti.cpp">
      <Filter>Core\src</Filter>
    </ClCompile>
    <ClCompile Include="..\..\engine\src\K15_ProfilingManager.cpp">
      <Filter>Core\src</Filter>
    </ClCompile>
    <ClCompile Include="..\..\engine\src\K15_ProfilingNode.cpp">
      <Filter>Core\src</Filter>
    </ClCompile>
    <ClCompile Include="..\..\engine\src\K15_HashedString.cpp">
      <Filter>Core\src</Filter>
    </ClCompile>
    <ClCompile Include="..\..\engine\src\K15_StringUtil.cpp">
      <Filter>Core\src</Filter>
    </ClCompile>
    <ClCompile Include="..\..\engine\src\K15_PhysicsTask.cpp">
      <Filter>Core\src</Filter>
    </ClCompile>
    <ClCompile Include="..\..\engine\src\K15_RenderTask.cpp">
      <Filter>Core\src</Filter>
    </ClCompile>
    <ClCompile Include="..\..\engine\src\K15_GameObjectComponentBase.cpp">
      <Filter>Components\src</Filter>
    </ClCompile>
    <ClCompile Include="..\..\engine\src\K15_EventTask.cpp">
      <Filter>Core\src</Filter>
    </ClCompile>
    <ClCompile Include="..\..\engine\src\K15_Node.cpp">
      <Filter>Core\src</Filter>
    </ClCompile>
    <ClCompile Include="..\..\engine\src\K15_Keyboard.cpp">
      <Filter>Core\src</Filter>
    </ClCompile>
    <ClCompile Include="..\..\engine\src\K15_Mouse.cpp">
      <Filter>Core\src</Filter>
    </ClCompile>
    <ClCompile Include="..\..\engine\src\K15_InputManager.cpp">
      <Filter>Core\src</Filter>
    </ClCompile>
    <ClCompile Include="..\..\engine\src\K15_BlockAllocator.cpp">
      <Filter>Core\src</Filter>
    </ClCompile>
    <ClCompile Include="..\..\engine\src\K15_MemoryProfilingTask.cpp">
      <Filter>Core\src</Filter>
    </ClCompile>
    <ClCompile Include="..\..\engine\src\K15_NetworkManager.cpp">
      <Filter>Core\src</Filter>
    </ClCompile>
    <ClCompile Include="..\..\engine\src\K15_ColorRGBA.cpp">
      <Filter>Rendering\src</Filter>
    </ClCompile>
    <ClCompile Include="..\..\engine\src\K15_GpuBuffer.cpp">
      <Filter>Rendering\src</Filter>
    </ClCompile>
    <ClCompile Include="..\..\engine\src\K15_RendererBase.cpp">
      <Filter>Rendering\src</Filter>
    </ClCompile>
    <ClCompile Include="..\..\engine\src\K15_Texture.cpp">
      <Filter>Rendering\src</Filter>
    </ClCompile>
    <ClCompile Include="..\..\engine\src\K15_TextureSampler.cpp">
      <Filter>Rendering\src</Filter>
    </ClCompile>
    <ClCompile Include="..\..\engine\src\K15_RenderProcessBase.cpp">
      <Filter>Core\src</Filter>
    </ClCompile>
    <ClCompile Include="..\..\engine\src\K15_IniFileParser.cpp">
      <Filter>Core\src</Filter>
    </ClCompile>
    <ClCompile Include="..\..\engine\src\K15_ThreadWorker.cpp">
      <Filter>Core\src</Filter>
    </ClCompile>
    <ClCompile Include="..\..\engine\src\K15_JobBase.cpp">
      <Filter>Core\src</Filter>
    </ClCompile>
    <ClCompile Include="..\..\engine\src\Win32\K15_VisualStudioLog_Win32.cpp">
      <Filter>Core\src\Win32</Filter>
    </ClCompile>
    <ClCompile Include="..\..\engine\src\K15_GpuProgram.cpp">
      <Filter>Rendering\src</Filter>
    </ClCompile>
    <ClCompile Include="..\..\engine\src\K15_RawData.cpp">
      <Filter>Core\src</Filter>
    </ClCompile>
    <ClCompile Include="..\..\engine\src\K15_Material.cpp">
      <Filter>Rendering\src</Filter>
    </ClCompile>
    <ClCompile Include="..\..\engine\src\K15_VertexDeclaration.cpp">
      <Filter>Rendering\src</Filter>
    </ClCompile>
    <ClCompile Include="..\..\engine\src\K15_AlphaState.cpp">
      <Filter>Rendering\src</Filter>
    </ClCompile>
    <ClCompile Include="..\..\engine\src\K15_IndexBuffer.cpp">
      <Filter>Rendering\src</Filter>
    </ClCompile>
    <ClCompile Include="..\..\engine\src\K15_SubMesh.cpp">
      <Filter>Rendering\src</Filter>
    </ClCompile>
    <ClCompile Include="..\..\engine\src\K15_VertexBuffer.cpp">
      <Filter>Rendering\src</Filter>
    </ClCompile>
    <ClCompile Include="..\..\engine\src\K15_AABB.cpp">
      <Filter>Rendering\src</Filter>
    </ClCompile>
    <ClCompile Include="..\..\engine\src\K15_GpuProgramParameter.cpp">
      <Filter>Core\src</Filter>
    </ClCompile>
    <ClCompile Include="..\..\engine\src\K15_DepthState.cpp">
      <Filter>Rendering\src</Filter>
    </ClCompile>
    <ClCompile Include="..\..\engine\src\K15_MatrixUtil.cpp">
      <Filter>Core\src</Filter>
    </ClCompile>
    <ClCompile Include="..\..\engine\src\K15_GameObject.cpp">
      <Filter>Core\src</Filter>
    </ClCompile>
    <ClCompile Include="..\..\engine\src\K15_Serializer.cpp">
      <Filter>Core\src</Filter>
    </ClCompile>
    <ClCompile Include="..\..\engine\src\K15_Mesh.cpp">
      <Filter>Rendering\src</Filter>
    </ClCompile>
    <ClCompile Include="..\..\engine\src\K15_ThreadSafe.cpp">
      <Filter>Core\src</Filter>
    </ClCompile>
    <ClCompile Include="..\..\engine\src\K15_MaterialData.cpp">
      <Filter>Rendering\src</Filter>
    </ClCompile>
    <ClCompile Include="..\..\engine\src\K15_JsonSerializer.cpp">
      <Filter>Serialization\src</Filter>
    </ClCompile>
    <ClCompile Include="..\..\engine\src\K15_SerializerBase.cpp">
      <Filter>Serialization\src</Filter>
    </ClCompile>
    <ClCompile Include="..\..\engine\src\K15_SerialWriter.cpp">
      <Filter>Serialization\src</Filter>
    </ClCompile>
    <ClCompile Include="..\..\engine\src\K15_SerialReader.cpp">
      <Filter>Serialization\src</Filter>
    </ClCompile>
    <ClCompile Include="..\..\engine\src\K15_MemoryBlock.cpp">
      <Filter>Core\src</Filter>
    </ClCompile>
    <ClCompile Include="..\..\engine\src\K15_SerialSizer.cpp">
      <Filter>Serialization\src</Filter>
    </ClCompile>
    <ClCompile Include="..\..\engine\src\K15_AllocatedObject.cpp">
      <Filter>Rendering\src</Filter>
    </ClCompile>
    <ClCompile Include="..\..\engine\src\K15_IOUtil.cpp">
      <Filter>Core\src</Filter>
    </ClCompile>
    <ClCompile Include="..\..\engine\src\K15_Vertex.cpp">
      <Filter>Rendering\src</Filter>
    </ClCompile>
    <ClCompile Include="..\..\engine\src\K15_CameraComponent.cpp">
      <Filter>Components\src</Filter>
    </ClCompile>
    <ClCompile Include="..\..\engine\src\Android\K15_ApplicationLayerOS_Android.cpp">
      <Filter>Core\src\Android</Filter>
    </ClCompile>
    <ClCompile Include="..\..\engine\src\Android\K15_RenderWindow_Android.cpp">
      <Filter>Core\src\Android</Filter>
    </ClCompile>
    <ClCompile Include="..\..\engine\src\Linux\K15_DynamicLibrary_Linux.cpp">
      <Filter>Core\src\Linux</Filter>
    </ClCompile>
    <ClCompile Include="..\..\engine\src\K15_Language.cpp">
      <Filter>Core\src</Filter>
    </ClCompile>
    <ClCompile Include="..\..\engine\src\Win32\K15_TextConsoleLog_Win32.cpp">
      <Filter>Core\src\Win32</Filter>
    </ClCompile>
    <ClCompile Include="..\..\engine\src\Android\K15_Mouse_Android.cpp">
      <Filter>Core\src\Android</Filter>
    </ClCompile>
    <ClCompile Include="..\..\engine\src\Android\K15_Keyboard_Android.cpp">
      <Filter>Core\src\Android</Filter>
    </ClCompile>
    <ClCompile Include="..\..\engine\src\Android\K15_Logcat_Android.cpp">
      <Filter>Core\src\Android</Filter>
    </ClCompile>
    <ClCompile Include="..\..\engine\src\Win32\K15_Keyboard_Win32.cpp">
      <Filter>Core\src\Win32</Filter>
    </ClCompile>
    <ClCompile Include="..\..\engine\src\Win32\K15_Mouse_Win32.cpp">
      <Filter>Core\src\Win32</Filter>
    </ClCompile>
    <ClCompile Include="..\..\engine\src\K15_GpuProgramBatch.cpp">
      <Filter>Rendering\src</Filter>
    </ClCompile>
    <ClCompile Include="..\..\engine\src\K15_Image.cpp">
      <Filter>Core\src</Filter>
    </ClCompile>
    <ClCompile Include="..\..\engine\src\K15_ResourceBase.cpp">
      <Filter>ResourceSystem\src</Filter>
    </ClCompile>
    <ClCompile Include="..\..\engine\src\K15_ResourceImporterBase.cpp">
      <Filter>ResourceSystem\src</Filter>
    </ClCompile>
    <ClCompile Include="..\..\engine\src\K15_ResourceImporterBitmap.cpp">
      <Filter>ResourceSystem\src</Filter>
    </ClCompile>
    <ClCompile Include="..\..\engine\src\K15_ResourceManager.cpp">
      <Filter>ResourceSystem\src</Filter>
    </ClCompile>
    <ClCompile Include="..\..\engine\src\K15_ResourceArchiveBase.cpp">
      <Filter>ResourceSystem\src</Filter>
    </ClCompile>
    <ClCompile Include="..\..\engine\src\K15_ModelComponent.cpp">
      <Filter>Components\src</Filter>
    </ClCompile>
    <ClCompile Include="..\..\engine\src\K15_RenderQueue.cpp">
      <Filter>Rendering\src</Filter>
    </ClCompile>
    <ClCompile Include="..\..\engine\src\K15_ResourceImporterObj.cpp">
      <Filter>ResourceSystem\src</Filter>
    </ClCompile>
    <ClCompile Include="..\..\engine\src\K15_ResourceImporterTiff.cpp">
      <Filter>ResourceSystem\src</Filter>
    </ClCompile>
    <ClCompile Include="..\..\engine\src\K15_ResourceArchiveZip.cpp">
      <Filter>ResourceSystem\src</Filter>
    </ClCompile>
    <ClCompile Include="..\..\engine\src\K15_ApplicationModule.cpp">
      <Filter>Core\src</Filter>
    </ClCompile>
    <ClCompile Include="..\..\engine\src\K15_ResourceImporterMaterial.cpp">
      <Filter>ResourceSystem\src</Filter>
    </ClCompile>
    <ClCompile Include="..\..\engine\src\K15_GameState.cpp">
      <Filter>Core\src</Filter>
    </ClCompile>
    <ClCompile Include="..\..\engine\src\Android\K15_ResourceArchiveAndroid.cpp">
      <Filter>ResourceSystem\src\Android</Filter>
    </ClCompile>
  </ItemGroup>
  <ItemGroup>
    <None Include="module.def" />
    <None Include="..\..\engine\include\K15_Application.inl">
      <Filter>Core\include</Filter>
    </None>
    <None Include="..\..\engine\include\K15_GameTime.inl">
      <Filter>Core\include</Filter>
    </None>
    <None Include="..\..\engine\include\K15_MemberFunctor.inl">
      <Filter>Core\include</Filter>
    </None>
    <None Include="..\..\engine\include\K15_TaskBase.inl">
      <Filter>Core\include</Filter>
    </None>
    <None Include="..\..\engine\include\K15_TaskManager.inl">
      <Filter>Core\include</Filter>
    </None>
    <None Include="..\..\engine\include\K15_DynamicLibraryBase.inl">
      <Filter>Core\include</Filter>
    </None>
    <None Include="..\..\engine\include\K15_GameEvent.inl">
      <Filter>Core\include</Filter>
    </None>
    <None Include="..\..\engine\include\K15_LogManager.inl">
      <Filter>Core\include</Filter>
    </None>
    <None Include="..\..\engine\include\K15_AllocatedObject.inl">
      <Filter>Core\include</Filter>
    </None>
    <None Include="..\..\engine\include\K15_Object.inl">
      <Filter>Core\include</Filter>
    </None>
    <None Include="..\..\engine\include\K15_Pointer.inl">
      <Filter>Core\include</Filter>
    </None>
    <None Include="..\..\engine\include\K15_Rtti.inl">
      <Filter>Core\include</Filter>
    </None>
    <None Include="..\..\engine\include\K15_ProfilingManager.inl">
      <Filter>Core\include</Filter>
    </None>
    <None Include="..\..\engine\include\K15_HashedString.inl">
      <Filter>Core\include</Filter>
    </None>
    <None Include="..\..\engine\include\K15_DynamicArray.inl">
      <Filter>Container\include</Filter>
    </None>
    <None Include="..\..\engine\include\K15_HashItem.inl">
      <Filter>Container\include</Filter>
    </None>
    <None Include="..\..\engine\include\K15_HashMap.inl">
      <Filter>Container\include</Filter>
    </None>
    <None Include="..\..\engine\include\K15_List.inl">
      <Filter>Container\include</Filter>
    </None>
    <None Include="..\..\engine\include\K15_ListNode.inl">
      <Filter>Container\include</Filter>
    </None>
    <None Include="..\..\engine\include\K15_NTree.inl">
      <Filter>Container\include</Filter>
    </None>
    <None Include="..\..\engine\include\K15_Stack.inl">
      <Filter>Container\include</Filter>
    </None>
    <None Include="..\..\engine\include\K15_StackItem.inl">
      <Filter>Container\include</Filter>
    </None>
    <None Include="..\..\engine\include\K15_GameObjectComponentBase.inl">
      <Filter>Components\include</Filter>
    </None>
    <None Include="..\..\engine\include\K15_Node.inl">
      <Filter>Core\include</Filter>
    </None>
    <None Include="..\..\engine\include\K15_Functor.inl">
      <Filter>Core\include</Filter>
    </None>
    <None Include="..\..\engine\include\K15_PoolAllocator.inl">
      <Filter>Core\include</Filter>
    </None>
    <None Include="..\..\engine\include\K15_ColorRGBA.inl">
      <Filter>Rendering\include</Filter>
    </None>
    <None Include="..\..\engine\include\K15_GpuBuffer.inl">
      <Filter>Rendering\include</Filter>
    </None>
    <None Include="..\..\engine\include\K15_RendererBase.inl">
      <Filter>Rendering\include</Filter>
    </None>
    <None Include="..\..\engine\include\K15_Texture.inl">
      <Filter>Rendering\include</Filter>
    </None>
    <None Include="..\..\engine\include\K15_TextureSampler.inl">
      <Filter>Rendering\include</Filter>
    </None>
    <None Include="..\..\engine\include\K15_IniFileParser.inl">
      <Filter>Core\include</Filter>
    </None>
    <None Include="..\..\engine\include\K15_JobBase.inl">
      <Filter>Core\include</Filter>
    </None>
    <None Include="..\..\engine\include\K15_GpuProgram.inl">
      <Filter>Rendering\include</Filter>
    </None>
    <None Include="..\..\engine\include\K15_Material.inl">
      <Filter>Rendering\include</Filter>
    </None>
    <None Include="..\..\engine\include\K15_VertexBuffer.inl">
      <Filter>Rendering\include</Filter>
    </None>
    <None Include="..\..\engine\include\K15_AlphaState.inl">
      <Filter>Rendering\include</Filter>
    </None>
    <None Include="..\..\engine\include\K15_IndexBuffer.inl">
      <Filter>Rendering\include</Filter>
    </None>
    <None Include="..\..\engine\include\K15_AABB.inl">
      <Filter>Rendering\include</Filter>
    </None>
    <None Include="..\..\engine\include\K15_DepthState.inl">
      <Filter>Rendering\include</Filter>
    </None>
    <None Include="..\..\engine\include\K15_CameraComponent.inl">
      <Filter>Components\include</Filter>
    </None>
    <None Include="..\..\engine\include\K15_GameObject.inl">
      <Filter>Core\include</Filter>
    </None>
    <None Include="..\..\engine\include\K15_GpuProgramParameter.inl">
      <Filter>Rendering\include</Filter>
    </None>
    <None Include="..\..\engine\include\K15_VertexDeclaration.inl">
      <Filter>Rendering\include</Filter>
    </None>
    <None Include="..\..\engine\include\K15_ThreadSafe.inl">
      <Filter>Core\include</Filter>
    </None>
    <None Include="..\..\engine\include\K15_SerializerBase.inl">
      <Filter>Serialization\include</Filter>
    </None>
    <None Include="..\..\engine\include\K15_SerialReader.inl">
      <Filter>Serialization\include</Filter>
    </None>
    <None Include="..\..\engine\include\K15_Mesh.inl">
      <Filter>Rendering\include</Filter>
    </None>
    <None Include="..\..\engine\include\K15_SubMesh.inl">
      <Filter>Rendering\include</Filter>
    </None>
    <None Include="..\..\engine\include\K15_Vertex.inl">
      <Filter>Rendering\include</Filter>
    </None>
    <None Include="..\..\engine\include\K15_StringUtil.inl">
      <Filter>Core\include</Filter>
    </None>
    <None Include="..\..\engine\include\Android\K15_ApplicationLayerOS_Android.inl">
      <Filter>Core\include\Android</Filter>
    </None>
    <None Include="..\..\engine\include\K15_Language.inl">
      <Filter>Core\include</Filter>
    </None>
    <None Include="..\..\engine\include\Android\K15_RenderWindow_Android.inl">
      <Filter>Core\include\Android</Filter>
    </None>
    <None Include="..\..\engine\include\K15_GpuProgramBatch.inl">
      <Filter>Rendering\include</Filter>
    </None>
    <None Include="..\..\engine\include\K15_Image.inl">
      <Filter>Core\include</Filter>
    </None>
    <None Include="..\..\engine\include\K15_ResourceBase.inl">
      <Filter>ResourceSystem\include</Filter>
    </None>
    <None Include="..\..\engine\include\K15_ResourceHandle.inl">
      <Filter>ResourceSystem\include</Filter>
    </None>
    <None Include="..\..\engine\include\K15_ResourceImporterBase.inl">
      <Filter>ResourceSystem\include</Filter>
    </None>
    <None Include="..\..\engine\include\K15_ResourceManager.inl">
      <Filter>ResourceSystem\include</Filter>
    </None>
    <None Include="..\..\engine\include\K15_ResourceArchiveBase.inl">
      <Filter>ResourceSystem\include</Filter>
    </None>
    <None Include="..\..\engine\include\K15_ModelComponent.inl">
      <Filter>Components\include</Filter>
    </None>
    <None Include="..\..\engine\include\K15_RenderQueue.inl">
      <Filter>Rendering\include</Filter>
    </None>
  </ItemGroup>
  <ItemGroup>
    <Text Include="..\..\engine\doc\Folder structure.txt" />
    <Text Include="File formats.txt" />
  </ItemGroup>
</Project>