<?xml version="1.0" encoding="utf-8"?>
<Project ToolsVersion="4.0" xmlns="http://schemas.microsoft.com/developer/msbuild/2003">
  <ItemGroup>
    <Filter Include="include">
      <UniqueIdentifier>{0c5150fb-e219-473e-9e7c-7a5fdf545eb3}</UniqueIdentifier>
    </Filter>
    <Filter Include="src">
      <UniqueIdentifier>{778ada91-aa34-4cb2-9d94-20762f787654}</UniqueIdentifier>
    </Filter>
  </ItemGroup>
  <ItemGroup>
    <ClInclude Include="..\..\..\dependencies\JsonCPP\include\json\autolink.h">
      <Filter>include</Filter>
    </ClInclude>
    <ClInclude Include="..\..\..\dependencies\JsonCPP\include\json\config.h">
      <Filter>include</Filter>
    </ClInclude>
    <ClInclude Include="..\..\..\dependencies\JsonCPP\include\json\features.h">
      <Filter>include</Filter>
    </ClInclude>
    <ClInclude Include="..\..\..\dependencies\JsonCPP\include\json\forwards.h">
      <Filter>include</Filter>
    </ClInclude>
    <ClInclude Include="..\..\..\dependencies\JsonCPP\include\json\json.h">
      <Filter>include</Filter>
    </ClInclude>
    <ClInclude Include="..\..\..\dependencies\JsonCPP\include\json\reader.h">
      <Filter>include</Filter>
    </ClInclude>
    <ClInclude Include="..\..\..\dependencies\JsonCPP\include\json\value.h">
      <Filter>include</Filter>
    </ClInclude>
    <ClInclude Include="..\..\..\dependencies\JsonCPP\include\json\writer.h">
      <Filter>include</Filter>
    </ClInclude>
    <ClInclude Include="..\..\..\dependencies\JsonCPP\src\json_batchallocator.h">
      <Filter>src</Filter>
    </ClInclude>
    <ClInclude Include="..\..\..\dependencies\JsonCPP\src\json_tool.h">
      <Filter>src</Filter>
    </ClInclude>
  </ItemGroup>
  <ItemGroup>
    <None Include="..\..\..\dependencies\JsonCPP\src\json_internalarray.inl">
      <Filter>src</Filter>
    </None>
    <None Include="..\..\..\dependencies\JsonCPP\src\json_internalmap.inl">
      <Filter>src</Filter>
    </None>
    <None Include="..\..\..\dependencies\JsonCPP\src\json_valueiterator.inl">
      <Filter>src</Filter>
    </None>
  </ItemGroup>
  <ItemGroup>
    <ClCompile Include="..\..\..\dependencies\JsonCPP\src\json_reader.cpp">
      <Filter>src</Filter>
    </ClCompile>
    <ClCompile Include="..\..\..\dependencies\JsonCPP\src\json_value.cpp">
      <Filter>src</Filter>
    </ClCompile>
    <ClCompile Include="..\..\..\dependencies\JsonCPP\src\json_writer.cpp">
      <Filter>src</Filter>
    </ClCompile>
  </ItemGroup>
</Project>