<?xml version="1.0" encoding="utf-8"?>
<Project ToolsVersion="4.0" xmlns="http://schemas.microsoft.com/developer/msbuild/2003">
  <ItemGroup>
    <Filter Include="include">
      <UniqueIdentifier>{5982e561-bd47-406c-a6a2-832a834e7ab3}</UniqueIdentifier>
    </Filter>
    <Filter Include="src">
      <UniqueIdentifier>{10a70b2d-8ee4-412d-91f6-a1b9cdcb648a}</UniqueIdentifier>
    </Filter>
  </ItemGroup>
  <ItemGroup>
    <ClInclude Include="..\..\..\..\dependencies\Android\native_app_glue\include\android_native_app_glue.h">
      <Filter>include</Filter>
    </ClInclude>
  </ItemGroup>
  <ItemGroup>
    <ClCompile Include="..\..\..\..\dependencies\Android\native_app_glue\src\android_native_app_glue.c">
      <Filter>src</Filter>
    </ClCompile>
  </ItemGroup>
</Project>