<?xml version="1.0" encoding="utf-8"?>
<Project ToolsVersion="4.0" xmlns="http://schemas.microsoft.com/developer/msbuild/2003">
  <ItemGroup>
    <Filter Include="System">
      <UniqueIdentifier>{34f27cf8-d909-432d-b985-baff45966719}</UniqueIdentifier>
    </Filter>
    <Filter Include="Object System">
      <UniqueIdentifier>{d0bf2fa5-c28a-4de2-8893-b82ab70a676c}</UniqueIdentifier>
    </Filter>
    <Filter Include="Memory">
      <UniqueIdentifier>{ea8d8b89-0238-4684-9247-5dfc54a83981}</UniqueIdentifier>
    </Filter>
    <Filter Include="File Manager">
      <UniqueIdentifier>{944d2888-e7a4-4698-9acb-f78206427985}</UniqueIdentifier>
    </Filter>
    <Filter Include="Event Manager">
      <UniqueIdentifier>{51ffa5d3-d2b5-435a-b942-32f09756fd66}</UniqueIdentifier>
    </Filter>
    <Filter Include="String">
      <UniqueIdentifier>{5ec51263-6e0b-4da9-b9f5-5e1429687cac}</UniqueIdentifier>
    </Filter>
    <Filter Include="Container">
      <UniqueIdentifier>{f2372f64-8b28-4f94-9338-4cc78f814f90}</UniqueIdentifier>
    </Filter>
    <Filter Include="Profiling">
      <UniqueIdentifier>{7aa78366-abe1-41a9-9efd-5c81c52a8e80}</UniqueIdentifier>
    </Filter>
    <Filter Include="Dynamic Library">
      <UniqueIdentifier>{b6269ebf-2dc2-45c6-9dbe-12b5c39462f0}</UniqueIdentifier>
    </Filter>
    <Filter Include="Dynamic Library\Win32">
      <UniqueIdentifier>{c87f17f4-adae-4777-b749-5f3bbd58d39e}</UniqueIdentifier>
    </Filter>
    <Filter Include="Resource Manager">
      <UniqueIdentifier>{309fffd7-fedc-4f2b-8545-437d5b2f6465}</UniqueIdentifier>
    </Filter>
    <Filter Include="Logging">
      <UniqueIdentifier>{671d178c-a7f7-4c30-a652-de2d509b0988}</UniqueIdentifier>
    </Filter>
    <Filter Include="System\Win32">
      <UniqueIdentifier>{d549c5b7-ed43-49cf-9536-ee6c055280d2}</UniqueIdentifier>
    </Filter>
  </ItemGroup>
  <ItemGroup>
    <ClInclude Include="..\..\engine\include\K15_Object.h">
      <Filter>Object System</Filter>
    </ClInclude>
    <ClInclude Include="..\..\engine\include\K15_Rtti.h">
      <Filter>Object System</Filter>
    </ClInclude>
    <ClInclude Include="..\..\engine\include\K15_Stream.h">
      <Filter>Object System</Filter>
    </ClInclude>
    <ClInclude Include="..\..\engine\include\K15_DynamicArray.h">
      <Filter>Container</Filter>
    </ClInclude>
    <ClInclude Include="..\..\engine\include\K15_HashItem.h">
      <Filter>Container</Filter>
    </ClInclude>
    <ClInclude Include="..\..\engine\include\K15_HashMap.h">
      <Filter>Container</Filter>
    </ClInclude>
    <ClInclude Include="..\..\engine\include\K15_List.h">
      <Filter>Container</Filter>
    </ClInclude>
    <ClInclude Include="..\..\engine\include\K15_ListNode.h">
      <Filter>Container</Filter>
    </ClInclude>
    <ClInclude Include="..\..\engine\include\K15_Stack.h">
      <Filter>Container</Filter>
    </ClInclude>
    <ClInclude Include="..\..\engine\include\K15_StackItem.h">
      <Filter>Container</Filter>
    </ClInclude>
    <ClInclude Include="..\..\engine\include\K15_EventListener.h">
      <Filter>Event Manager</Filter>
    </ClInclude>
    <ClInclude Include="..\..\engine\include\K15_EventManager.h">
      <Filter>Event Manager</Filter>
    </ClInclude>
    <ClInclude Include="..\..\engine\include\K15_HashedString.h">
      <Filter>String</Filter>
    </ClInclude>
    <ClInclude Include="..\..\engine\include\K15_Singleton.h">
      <Filter>System</Filter>
    </ClInclude>
    <ClInclude Include="..\..\engine\include\K15_Pointer.h">
      <Filter>Object System</Filter>
    </ClInclude>
    <ClInclude Include="..\..\engine\include\K15_NTree.h">
      <Filter>Container</Filter>
    </ClInclude>
    <ClInclude Include="..\..\engine\include\K15_NTreeNode.h">
      <Filter>Container</Filter>
    </ClInclude>
    <ClInclude Include="..\..\engine\include\K15_GameTime.h">
      <Filter>System</Filter>
    </ClInclude>
    <ClInclude Include="..\..\engine\include\K15_DynamicLibraryManager.h">
      <Filter>Dynamic Library</Filter>
    </ClInclude>
    <ClInclude Include="..\..\engine\include\K15_ResourceHandle.h">
      <Filter>Resource Manager</Filter>
    </ClInclude>
    <ClInclude Include="..\..\engine\include\K15_ResourceManager.h">
      <Filter>Resource Manager</Filter>
    </ClInclude>
    <ClInclude Include="..\..\engine\include\K15_File.h">
      <Filter>File Manager</Filter>
    </ClInclude>
    <ClInclude Include="..\..\engine\include\K15_LogManager.h">
      <Filter>Logging</Filter>
    </ClInclude>
    <ClInclude Include="..\..\engine\include\K15_Directory.h">
      <Filter>File Manager</Filter>
    </ClInclude>
    <ClInclude Include="..\..\engine\include\K15_FileWatcher.h">
      <Filter>File Manager</Filter>
    </ClInclude>
    <ClInclude Include="..\..\engine\include\K15_Application.h">
      <Filter>System</Filter>
    </ClInclude>
    <ClInclude Include="..\..\engine\include\K15_StackAllocator.h">
      <Filter>Memory</Filter>
    </ClInclude>
    <ClInclude Include="..\..\engine\include\K15_MemoryHeader.h">
      <Filter>Memory</Filter>
    </ClInclude>
    <ClInclude Include="..\..\engine\include\K15_TaskManager.h">
      <Filter>System</Filter>
    </ClInclude>
    <ClInclude Include="..\..\engine\include\K15_AllocatedObject.h">
      <Filter>Memory</Filter>
    </ClInclude>
    <ClInclude Include="..\..\engine\include\K15_DynamicLibraryBase.h">
      <Filter>Dynamic Library</Filter>
    </ClInclude>
    <ClInclude Include="..\..\engine\include\win32\K15_DynamicLibrary_win32.h">
      <Filter>Dynamic Library\Win32</Filter>
    </ClInclude>
    <ClInclude Include="..\..\engine\include\K15_LogBase.h">
      <Filter>Logging</Filter>
    </ClInclude>
    <ClInclude Include="..\..\engine\include\K15_ManagerBase.h">
      <Filter>System</Filter>
    </ClInclude>
    <ClInclude Include="..\..\engine\include\K15_ResourceBase.h">
      <Filter>Resource Manager</Filter>
    </ClInclude>
    <ClInclude Include="..\..\engine\include\K15_ResourceFileBase.h">
      <Filter>Resource Manager</Filter>
    </ClInclude>
    <ClInclude Include="..\..\engine\include\K15_ResourceData.h">
      <Filter>Resource Manager</Filter>
    </ClInclude>
    <ClInclude Include="..\..\engine\include\K15_String.h">
      <Filter>String</Filter>
    </ClInclude>
    <ClInclude Include="..\..\engine\include\K15_ProfilingNode.h">
      <Filter>Profiling</Filter>
    </ClInclude>
    <ClInclude Include="..\..\engine\include\K15_ProfilingManager.h">
      <Filter>Profiling</Filter>
    </ClInclude>
    <ClInclude Include="..\..\engine\include\K15_Prerequisites.h">
      <Filter>System</Filter>
    </ClInclude>
    <ClInclude Include="..\..\engine\include\K15_ApplicationParameter.h">
      <Filter>System</Filter>
    </ClInclude>
    <ClInclude Include="..\..\engine\include\K15_Functor.h">
      <Filter>System</Filter>
    </ClInclude>
    <ClInclude Include="..\..\engine\include\K15_ApplicationModule.h">
      <Filter>System</Filter>
    </ClInclude>
    <ClInclude Include="..\..\engine\include\K15_PageAllocator.h">
      <Filter>Memory</Filter>
    </ClInclude>
    <ClInclude Include="..\..\engine\include\K15_GameEvent.h">
      <Filter>Event Manager</Filter>
    </ClInclude>
    <ClInclude Include="..\..\engine\include\K15_ApplicationModuleDescription.h">
      <Filter>System</Filter>
    </ClInclude>
    <ClInclude Include="..\..\engine\include\K15_Task.h">
      <Filter>System</Filter>
    </ClInclude>
    <ClInclude Include="..\..\engine\include\K15_MemberFunctor.h">
      <Filter>System</Filter>
    </ClInclude>
    <ClInclude Include="..\..\engine\include\K15_BaseAllocator.h">
      <Filter>Memory</Filter>
    </ClInclude>
    <ClInclude Include="..\..\engine\include\K15_RenderWindowBase.h">
      <Filter>System</Filter>
    </ClInclude>
    <ClInclude Include="..\..\engine\include\K15_StringUtil.h">
      <Filter>String</Filter>
    </ClInclude>
    <ClInclude Include="..\..\engine\include\K15_ApplicationOSLayerBase.h">
      <Filter>System</Filter>
    </ClInclude>
    <ClInclude Include="..\..\engine\include\win32\K15_ApplicationOSLayer_Win32.h">
      <Filter>System\Win32</Filter>
    </ClInclude>
    <ClInclude Include="..\..\engine\include\win32\K15_RenderWindow_Win32.h">
      <Filter>System\Win32</Filter>
    </ClInclude>
  </ItemGroup>
  <ItemGroup>
    <ClCompile Include="..\..\engine\src\K15_Object.cpp">
      <Filter>Object System</Filter>
    </ClCompile>
    <ClCompile Include="..\..\engine\src\K15_Rtti.cpp">
      <Filter>Object System</Filter>
    </ClCompile>
    <ClCompile Include="..\..\engine\src\K15_EventManager.cpp">
      <Filter>Event Manager</Filter>
    </ClCompile>
    <ClCompile Include="..\..\engine\src\K15_HashedString.cpp">
      <Filter>String</Filter>
    </ClCompile>
    <ClCompile Include="..\..\engine\src\Win32\K15_DynamicLibrary_win32.cpp">
      <Filter>Dynamic Library\Win32</Filter>
    </ClCompile>
    <ClCompile Include="..\..\engine\src\K15_DynamicLibraryManager.cpp">
      <Filter>Dynamic Library</Filter>
    </ClCompile>
    <ClCompile Include="..\..\engine\src\K15_ResourceManager.cpp">
      <Filter>Resource Manager</Filter>
    </ClCompile>
    <ClCompile Include="..\..\engine\src\K15_GameTime.cpp">
      <Filter>System</Filter>
    </ClCompile>
    <ClCompile Include="..\..\engine\src\K15_File.cpp">
      <Filter>File Manager</Filter>
    </ClCompile>
    <ClCompile Include="..\..\engine\src\K15_LogManager.cpp">
      <Filter>Logging</Filter>
    </ClCompile>
    <ClCompile Include="..\..\engine\src\K15_Directory.cpp">
      <Filter>File Manager</Filter>
    </ClCompile>
    <ClCompile Include="..\..\engine\src\K15_FileWatcher.cpp">
      <Filter>File Manager</Filter>
    </ClCompile>
    <ClCompile Include="..\..\engine\src\K15_StackAllocator.cpp">
      <Filter>Memory</Filter>
    </ClCompile>
    <ClCompile Include="..\..\engine\src\K15_LogBase.cpp">
      <Filter>Logging</Filter>
    </ClCompile>
    <ClCompile Include="..\..\engine\src\K15_ResourceBase.cpp">
      <Filter>Resource Manager</Filter>
    </ClCompile>
    <ClCompile Include="..\..\engine\src\K15_String.cpp">
      <Filter>String</Filter>
    </ClCompile>
    <ClCompile Include="..\..\engine\src\K15_ProfilingNode.cpp">
      <Filter>Profiling</Filter>
    </ClCompile>
    <ClCompile Include="..\..\engine\src\K15_ProfilingManager.cpp">
      <Filter>Profiling</Filter>
    </ClCompile>
    <ClCompile Include="..\..\engine\src\K15_GameEvent.cpp">
      <Filter>Event Manager</Filter>
    </ClCompile>
    <ClCompile Include="..\..\engine\src\K15_Application.cpp">
      <Filter>System</Filter>
    </ClCompile>
    <ClCompile Include="..\..\engine\src\K15_TaskManager.cpp">
      <Filter>System</Filter>
    </ClCompile>
    <ClCompile Include="..\..\engine\src\K15_Task.cpp">
      <Filter>System</Filter>
    </ClCompile>
    <ClCompile Include="..\..\engine\src\K15_BaseAllocator.cpp">
      <Filter>Memory</Filter>
    </ClCompile>
    <ClCompile Include="..\..\engine\src\Win32\K15_ApplicationOSLayer_Win32.cpp">
      <Filter>System\Win32</Filter>
    </ClCompile>
    <ClCompile Include="..\..\engine\src\K15_StringUtil.cpp">
      <Filter>String</Filter>
    </ClCompile>
    <ClCompile Include="..\..\engine\src\K15_RenderWindowBase.cpp">
      <Filter>System</Filter>
    </ClCompile>
    <ClCompile Include="..\..\engine\src\win32\K15_RenderWindow_Win32.cpp">
      <Filter>System\Win32</Filter>
    </ClCompile>
  </ItemGroup>
  <ItemGroup>
    <None Include="module.def" />
    <None Include="..\..\engine\src\K15_Object.inl">
      <Filter>Object System</Filter>
    </None>
    <None Include="..\..\engine\src\K15_Rtti.inl">
      <Filter>Object System</Filter>
    </None>
    <None Include="..\..\engine\include\K15_Rtti.mcr">
      <Filter>Object System</Filter>
    </None>
    <None Include="..\..\engine\src\K15_DynamicArray.inl">
      <Filter>Container</Filter>
    </None>
    <None Include="..\..\engine\src\K15_HashItem.inl">
      <Filter>Container</Filter>
    </None>
    <None Include="..\..\engine\src\K15_HashMap.inl">
      <Filter>Container</Filter>
    </None>
    <None Include="..\..\engine\src\K15_List.inl">
      <Filter>Container</Filter>
    </None>
    <None Include="..\..\engine\src\K15_ListNode.inl">
      <Filter>Container</Filter>
    </None>
    <None Include="..\..\engine\src\K15_Stack.inl">
      <Filter>Container</Filter>
    </None>
    <None Include="..\..\engine\src\K15_StackItem.inl">
      <Filter>Container</Filter>
    </None>
    <None Include="..\..\engine\src\K15_ByteConversion.inl">
      <Filter>System</Filter>
    </None>
    <None Include="..\..\engine\include\K15_ByteConversion.h">
      <Filter>System</Filter>
    </None>
    <None Include="..\..\engine\include\K15_Conversion.h">
      <Filter>System</Filter>
    </None>
    <None Include="..\..\engine\src\K15_Pointer.inl">
      <Filter>Object System</Filter>
    </None>
    <None Include="..\..\engine\src\K15_NTree.inl">
      <Filter>Container</Filter>
    </None>
    <None Include="..\..\engine\src\K15_GameTime.inl">
      <Filter>System</Filter>
    </None>
    <None Include="..\..\engine\src\K15_File.inl">
      <Filter>File Manager</Filter>
    </None>
    <None Include="..\..\engine\src\K15_ResourceManager.inl">
      <Filter>Resource Manager</Filter>
    </None>
    <None Include="..\..\engine\src\K15_StackAllocator.inl">
      <Filter>Memory</Filter>
    </None>
    <None Include="..\..\engine\src\K15_DynamicLibraryBase.inl">
      <Filter>Dynamic Library</Filter>
    </None>
    <None Include="..\..\engine\src\K15_ResourceBase.inl">
      <Filter>Resource Manager</Filter>
    </None>
    <None Include="..\..\engine\include\K15_String.mcr">
      <Filter>String</Filter>
    </None>
    <None Include="..\..\engine\src\K15_ProfilingManager.inl">
      <Filter>Profiling</Filter>
    </None>
    <None Include="..\..\engine\src\K15_LogManager.inl">
      <Filter>Logging</Filter>
    </None>
    <None Include="..\..\engine\src\K15_HashedString.inl">
      <Filter>String</Filter>
    </None>
    <None Include="..\..\engine\src\K15_Functor.inl">
      <Filter>System</Filter>
    </None>
    <None Include="..\..\engine\src\K15_PageAllocator.inl">
      <Filter>Memory</Filter>
    </None>
    <None Include="..\..\engine\src\K15_GameEvent.inl">
      <Filter>Event Manager</Filter>
    </None>
    <None Include="..\..\engine\src\K15_Application.inl">
      <Filter>System</Filter>
    </None>
    <None Include="..\..\engine\src\K15_AllocatedObject.inl">
      <Filter>Memory</Filter>
    </None>
    <None Include="..\..\engine\src\K15_Task.inl">
      <Filter>System</Filter>
    </None>
    <None Include="..\..\engine\src\K15_TaskManager.inl">
      <Filter>System</Filter>
    </None>
    <None Include="..\..\engine\src\K15_MemberFunctor.inl">
      <Filter>System</Filter>
    </None>
    <None Include="..\..\engine\src\K15_ResourceHandle.inl">
      <Filter>Resource Manager</Filter>
    </None>
    <None Include="..\..\engine\src\K15_BaseAllocator.inl">
      <Filter>Memory</Filter>
    </None>
    <None Include="..\..\engine\src\Win32\K15_RenderWindowBase.inl">
      <Filter>System</Filter>
    </None>
  </ItemGroup>
  <ItemGroup>
    <Text Include="..\..\engine\doc\Folder structure.txt" />
  </ItemGroup>
</Project>